// !$*UTF8*$!
{
	archiveVersion = 1;
	classes = {
	};
	objectVersion = 56;
	objects = {

/* Begin PBXBuildFile section */
		853233AA2B6E0BA900796931 /* Phonetic.swift in Sources */ = {isa = PBXBuildFile; fileRef = 853233A92B6E0BA900796931 /* Phonetic.swift */; };
		853233AC2B6E0BBC00796931 /* Meaning.swift in Sources */ = {isa = PBXBuildFile; fileRef = 853233AB2B6E0BBC00796931 /* Meaning.swift */; };
		853233AE2B6E0BDB00796931 /* Definition.swift in Sources */ = {isa = PBXBuildFile; fileRef = 853233AD2B6E0BDB00796931 /* Definition.swift */; };
		853233B22B6E107800796931 /* RemoteGetWordDefinition.swift in Sources */ = {isa = PBXBuildFile; fileRef = 853233B12B6E107800796931 /* RemoteGetWordDefinition.swift */; };
		853233B42B6E10A300796931 /* HttpGetClient.swift in Sources */ = {isa = PBXBuildFile; fileRef = 853233B32B6E10A300796931 /* HttpGetClient.swift */; };
		853233B72B6E156400796931 /* DomainError.swift in Sources */ = {isa = PBXBuildFile; fileRef = 853233B62B6E156400796931 /* DomainError.swift */; };
		853233B92B6E175100796931 /* HttpError.swift in Sources */ = {isa = PBXBuildFile; fileRef = 853233B82B6E175100796931 /* HttpError.swift */; };
		8593CF242B6DDDC600613B07 /* GetWordDefinition.swift in Sources */ = {isa = PBXBuildFile; fileRef = 8593CF232B6DDDC600613B07 /* GetWordDefinition.swift */; };
		8593CF2A2B6DE5A600613B07 /* WordDefinition.swift in Sources */ = {isa = PBXBuildFile; fileRef = 8593CF292B6DE5A600613B07 /* WordDefinition.swift */; };
		8593CF522B6DE7AF00613B07 /* Data.framework in Frameworks */ = {isa = PBXBuildFile; fileRef = 8593CF4A2B6DE7AE00613B07 /* Data.framework */; };
		8593CF572B6DE7AF00613B07 /* GetWordDefinitionTests.swift in Sources */ = {isa = PBXBuildFile; fileRef = 8593CF562B6DE7AF00613B07 /* GetWordDefinitionTests.swift */; };
		8593CF582B6DE7AF00613B07 /* Data.h in Headers */ = {isa = PBXBuildFile; fileRef = 8593CF4C2B6DE7AE00613B07 /* Data.h */; settings = {ATTRIBUTES = (Public, ); }; };
		8593CF602B6DE7DD00613B07 /* Domain.framework in Frameworks */ = {isa = PBXBuildFile; fileRef = 85EC02D92B6DDBCE003B0206 /* Domain.framework */; };
		8593CF612B6DE7DD00613B07 /* Domain.framework in Embed Frameworks */ = {isa = PBXBuildFile; fileRef = 85EC02D92B6DDBCE003B0206 /* Domain.framework */; settings = {ATTRIBUTES = (CodeSignOnCopy, RemoveHeadersOnCopy, ); }; };
		85EC02852B6DCF3A003B0206 /* DictionMasterApp.swift in Sources */ = {isa = PBXBuildFile; fileRef = 85EC02842B6DCF3A003B0206 /* DictionMasterApp.swift */; };
		85EC02872B6DCF3A003B0206 /* ContentView.swift in Sources */ = {isa = PBXBuildFile; fileRef = 85EC02862B6DCF3A003B0206 /* ContentView.swift */; };
		85EC02892B6DCF3C003B0206 /* Assets.xcassets in Resources */ = {isa = PBXBuildFile; fileRef = 85EC02882B6DCF3C003B0206 /* Assets.xcassets */; };
		85EC028C2B6DCF3C003B0206 /* Preview Assets.xcassets in Resources */ = {isa = PBXBuildFile; fileRef = 85EC028B2B6DCF3C003B0206 /* Preview Assets.xcassets */; };
		85EC02962B6DCF3C003B0206 /* DictionMasterTests.swift in Sources */ = {isa = PBXBuildFile; fileRef = 85EC02952B6DCF3C003B0206 /* DictionMasterTests.swift */; };
		85EC02A02B6DCF3C003B0206 /* DictionMasterUITests.swift in Sources */ = {isa = PBXBuildFile; fileRef = 85EC029F2B6DCF3C003B0206 /* DictionMasterUITests.swift */; };
		85EC02A22B6DCF3C003B0206 /* DictionMasterUITestsLaunchTests.swift in Sources */ = {isa = PBXBuildFile; fileRef = 85EC02A12B6DCF3C003B0206 /* DictionMasterUITestsLaunchTests.swift */; };
/* End PBXBuildFile section */

/* Begin PBXContainerItemProxy section */
		8593CF532B6DE7AF00613B07 /* PBXContainerItemProxy */ = {
			isa = PBXContainerItemProxy;
			containerPortal = 85EC02792B6DCF3A003B0206 /* Project object */;
			proxyType = 1;
			remoteGlobalIDString = 8593CF492B6DE7AE00613B07;
			remoteInfo = Data;
		};
		8593CF622B6DE7DD00613B07 /* PBXContainerItemProxy */ = {
			isa = PBXContainerItemProxy;
			containerPortal = 85EC02792B6DCF3A003B0206 /* Project object */;
			proxyType = 1;
			remoteGlobalIDString = 85EC02D82B6DDBCE003B0206;
			remoteInfo = Domain;
		};
		85EC02922B6DCF3C003B0206 /* PBXContainerItemProxy */ = {
			isa = PBXContainerItemProxy;
			containerPortal = 85EC02792B6DCF3A003B0206 /* Project object */;
			proxyType = 1;
			remoteGlobalIDString = 85EC02802B6DCF3A003B0206;
			remoteInfo = DictionMaster;
		};
		85EC029C2B6DCF3C003B0206 /* PBXContainerItemProxy */ = {
			isa = PBXContainerItemProxy;
			containerPortal = 85EC02792B6DCF3A003B0206 /* Project object */;
			proxyType = 1;
			remoteGlobalIDString = 85EC02802B6DCF3A003B0206;
			remoteInfo = DictionMaster;
		};
/* End PBXContainerItemProxy section */

/* Begin PBXCopyFilesBuildPhase section */
		8593CF642B6DE7DD00613B07 /* Embed Frameworks */ = {
			isa = PBXCopyFilesBuildPhase;
			buildActionMask = 2147483647;
			dstPath = "";
			dstSubfolderSpec = 10;
			files = (
				8593CF612B6DE7DD00613B07 /* Domain.framework in Embed Frameworks */,
			);
			name = "Embed Frameworks";
			runOnlyForDeploymentPostprocessing = 0;
		};
/* End PBXCopyFilesBuildPhase section */

/* Begin PBXFileReference section */
		853233A92B6E0BA900796931 /* Phonetic.swift */ = {isa = PBXFileReference; lastKnownFileType = sourcecode.swift; path = Phonetic.swift; sourceTree = "<group>"; };
		853233AB2B6E0BBC00796931 /* Meaning.swift */ = {isa = PBXFileReference; lastKnownFileType = sourcecode.swift; path = Meaning.swift; sourceTree = "<group>"; };
		853233AD2B6E0BDB00796931 /* Definition.swift */ = {isa = PBXFileReference; lastKnownFileType = sourcecode.swift; path = Definition.swift; sourceTree = "<group>"; };
		853233B12B6E107800796931 /* RemoteGetWordDefinition.swift */ = {isa = PBXFileReference; lastKnownFileType = sourcecode.swift; path = RemoteGetWordDefinition.swift; sourceTree = "<group>"; };
		853233B32B6E10A300796931 /* HttpGetClient.swift */ = {isa = PBXFileReference; lastKnownFileType = sourcecode.swift; path = HttpGetClient.swift; sourceTree = "<group>"; };
		853233B62B6E156400796931 /* DomainError.swift */ = {isa = PBXFileReference; lastKnownFileType = sourcecode.swift; path = DomainError.swift; sourceTree = "<group>"; };
		853233B82B6E175100796931 /* HttpError.swift */ = {isa = PBXFileReference; lastKnownFileType = sourcecode.swift; path = HttpError.swift; sourceTree = "<group>"; };
		8593CF232B6DDDC600613B07 /* GetWordDefinition.swift */ = {isa = PBXFileReference; lastKnownFileType = sourcecode.swift; path = GetWordDefinition.swift; sourceTree = "<group>"; };
		8593CF292B6DE5A600613B07 /* WordDefinition.swift */ = {isa = PBXFileReference; lastKnownFileType = sourcecode.swift; path = WordDefinition.swift; sourceTree = "<group>"; };
		8593CF4A2B6DE7AE00613B07 /* Data.framework */ = {isa = PBXFileReference; explicitFileType = wrapper.framework; includeInIndex = 0; path = Data.framework; sourceTree = BUILT_PRODUCTS_DIR; };
		8593CF4C2B6DE7AE00613B07 /* Data.h */ = {isa = PBXFileReference; lastKnownFileType = sourcecode.c.h; path = Data.h; sourceTree = "<group>"; };
		8593CF512B6DE7AE00613B07 /* DataTests.xctest */ = {isa = PBXFileReference; explicitFileType = wrapper.cfbundle; includeInIndex = 0; path = DataTests.xctest; sourceTree = BUILT_PRODUCTS_DIR; };
		8593CF562B6DE7AF00613B07 /* GetWordDefinitionTests.swift */ = {isa = PBXFileReference; lastKnownFileType = sourcecode.swift; path = GetWordDefinitionTests.swift; sourceTree = "<group>"; };
		85EC02812B6DCF3A003B0206 /* DictionMaster.app */ = {isa = PBXFileReference; explicitFileType = wrapper.application; includeInIndex = 0; path = DictionMaster.app; sourceTree = BUILT_PRODUCTS_DIR; };
		85EC02842B6DCF3A003B0206 /* DictionMasterApp.swift */ = {isa = PBXFileReference; lastKnownFileType = sourcecode.swift; path = DictionMasterApp.swift; sourceTree = "<group>"; };
		85EC02862B6DCF3A003B0206 /* ContentView.swift */ = {isa = PBXFileReference; lastKnownFileType = sourcecode.swift; path = ContentView.swift; sourceTree = "<group>"; };
		85EC02882B6DCF3C003B0206 /* Assets.xcassets */ = {isa = PBXFileReference; lastKnownFileType = folder.assetcatalog; path = Assets.xcassets; sourceTree = "<group>"; };
		85EC028B2B6DCF3C003B0206 /* Preview Assets.xcassets */ = {isa = PBXFileReference; lastKnownFileType = folder.assetcatalog; path = "Preview Assets.xcassets"; sourceTree = "<group>"; };
		85EC02912B6DCF3C003B0206 /* DictionMasterTests.xctest */ = {isa = PBXFileReference; explicitFileType = wrapper.cfbundle; includeInIndex = 0; path = DictionMasterTests.xctest; sourceTree = BUILT_PRODUCTS_DIR; };
		85EC02952B6DCF3C003B0206 /* DictionMasterTests.swift */ = {isa = PBXFileReference; lastKnownFileType = sourcecode.swift; path = DictionMasterTests.swift; sourceTree = "<group>"; };
		85EC029B2B6DCF3C003B0206 /* DictionMasterUITests.xctest */ = {isa = PBXFileReference; explicitFileType = wrapper.cfbundle; includeInIndex = 0; path = DictionMasterUITests.xctest; sourceTree = BUILT_PRODUCTS_DIR; };
		85EC029F2B6DCF3C003B0206 /* DictionMasterUITests.swift */ = {isa = PBXFileReference; lastKnownFileType = sourcecode.swift; path = DictionMasterUITests.swift; sourceTree = "<group>"; };
		85EC02A12B6DCF3C003B0206 /* DictionMasterUITestsLaunchTests.swift */ = {isa = PBXFileReference; lastKnownFileType = sourcecode.swift; path = DictionMasterUITestsLaunchTests.swift; sourceTree = "<group>"; };
		85EC02D92B6DDBCE003B0206 /* Domain.framework */ = {isa = PBXFileReference; explicitFileType = wrapper.framework; includeInIndex = 0; path = Domain.framework; sourceTree = BUILT_PRODUCTS_DIR; };
/* End PBXFileReference section */

/* Begin PBXFrameworksBuildPhase section */
		8593CF472B6DE7AE00613B07 /* Frameworks */ = {
			isa = PBXFrameworksBuildPhase;
			buildActionMask = 2147483647;
			files = (
				8593CF602B6DE7DD00613B07 /* Domain.framework in Frameworks */,
			);
			runOnlyForDeploymentPostprocessing = 0;
		};
		8593CF4E2B6DE7AE00613B07 /* Frameworks */ = {
			isa = PBXFrameworksBuildPhase;
			buildActionMask = 2147483647;
			files = (
				8593CF522B6DE7AF00613B07 /* Data.framework in Frameworks */,
			);
			runOnlyForDeploymentPostprocessing = 0;
		};
		85EC027E2B6DCF3A003B0206 /* Frameworks */ = {
			isa = PBXFrameworksBuildPhase;
			buildActionMask = 2147483647;
			files = (
			);
			runOnlyForDeploymentPostprocessing = 0;
		};
		85EC028E2B6DCF3C003B0206 /* Frameworks */ = {
			isa = PBXFrameworksBuildPhase;
			buildActionMask = 2147483647;
			files = (
			);
			runOnlyForDeploymentPostprocessing = 0;
		};
		85EC02982B6DCF3C003B0206 /* Frameworks */ = {
			isa = PBXFrameworksBuildPhase;
			buildActionMask = 2147483647;
			files = (
			);
			runOnlyForDeploymentPostprocessing = 0;
		};
		85EC02D62B6DDBCE003B0206 /* Frameworks */ = {
			isa = PBXFrameworksBuildPhase;
			buildActionMask = 2147483647;
			files = (
			);
			runOnlyForDeploymentPostprocessing = 0;
		};
/* End PBXFrameworksBuildPhase section */

/* Begin PBXGroup section */
		853233A72B6E0B6D00796931 /* UseCases */ = {
			isa = PBXGroup;
			children = (
				8593CF232B6DDDC600613B07 /* GetWordDefinition.swift */,
			);
			path = UseCases;
			sourceTree = "<group>";
		};
		853233A82B6E0B7F00796931 /* Models */ = {
			isa = PBXGroup;
			children = (
				8593CF292B6DE5A600613B07 /* WordDefinition.swift */,
				853233A92B6E0BA900796931 /* Phonetic.swift */,
				853233AB2B6E0BBC00796931 /* Meaning.swift */,
				853233AD2B6E0BDB00796931 /* Definition.swift */,
			);
			path = Models;
			sourceTree = "<group>";
		};
		853233AF2B6E106000796931 /* UseCases */ = {
			isa = PBXGroup;
			children = (
				853233B12B6E107800796931 /* RemoteGetWordDefinition.swift */,
			);
			path = UseCases;
			sourceTree = "<group>";
		};
		853233B02B6E106800796931 /* Http */ = {
			isa = PBXGroup;
			children = (
				853233B32B6E10A300796931 /* HttpGetClient.swift */,
				853233B82B6E175100796931 /* HttpError.swift */,
			);
			path = Http;
			sourceTree = "<group>";
		};
		853233B52B6E153600796931 /* Errors */ = {
			isa = PBXGroup;
			children = (
				853233B62B6E156400796931 /* DomainError.swift */,
			);
			path = Errors;
			sourceTree = "<group>";
		};
		8593CF4B2B6DE7AE00613B07 /* Data */ = {
			isa = PBXGroup;
			children = (
				853233B02B6E106800796931 /* Http */,
				853233AF2B6E106000796931 /* UseCases */,
				8593CF4C2B6DE7AE00613B07 /* Data.h */,
			);
			path = Data;
			sourceTree = "<group>";
		};
		8593CF552B6DE7AF00613B07 /* DataTests */ = {
			isa = PBXGroup;
			children = (
				8593CF562B6DE7AF00613B07 /* GetWordDefinitionTests.swift */,
			);
			path = DataTests;
			sourceTree = "<group>";
		};
		8593CF5F2B6DE7DD00613B07 /* Frameworks */ = {
			isa = PBXGroup;
			children = (
			);
			name = Frameworks;
			sourceTree = "<group>";
		};
		85EC02782B6DCF3A003B0206 = {
			isa = PBXGroup;
			children = (
				85EC02832B6DCF3A003B0206 /* DictionMaster */,
				85EC02942B6DCF3C003B0206 /* DictionMasterTests */,
				85EC029E2B6DCF3C003B0206 /* DictionMasterUITests */,
				85EC02DA2B6DDBCF003B0206 /* Domain */,
				8593CF4B2B6DE7AE00613B07 /* Data */,
				8593CF552B6DE7AF00613B07 /* DataTests */,
				85EC02822B6DCF3A003B0206 /* Products */,
				8593CF5F2B6DE7DD00613B07 /* Frameworks */,
			);
			sourceTree = "<group>";
		};
		85EC02822B6DCF3A003B0206 /* Products */ = {
			isa = PBXGroup;
			children = (
				85EC02812B6DCF3A003B0206 /* DictionMaster.app */,
				85EC02912B6DCF3C003B0206 /* DictionMasterTests.xctest */,
				85EC029B2B6DCF3C003B0206 /* DictionMasterUITests.xctest */,
				85EC02D92B6DDBCE003B0206 /* Domain.framework */,
				8593CF4A2B6DE7AE00613B07 /* Data.framework */,
				8593CF512B6DE7AE00613B07 /* DataTests.xctest */,
			);
			name = Products;
			sourceTree = "<group>";
		};
		85EC02832B6DCF3A003B0206 /* DictionMaster */ = {
			isa = PBXGroup;
			children = (
				85EC02842B6DCF3A003B0206 /* DictionMasterApp.swift */,
				85EC02862B6DCF3A003B0206 /* ContentView.swift */,
				85EC02882B6DCF3C003B0206 /* Assets.xcassets */,
				85EC028A2B6DCF3C003B0206 /* Preview Content */,
			);
			path = DictionMaster;
			sourceTree = "<group>";
		};
		85EC028A2B6DCF3C003B0206 /* Preview Content */ = {
			isa = PBXGroup;
			children = (
				85EC028B2B6DCF3C003B0206 /* Preview Assets.xcassets */,
			);
			path = "Preview Content";
			sourceTree = "<group>";
		};
		85EC02942B6DCF3C003B0206 /* DictionMasterTests */ = {
			isa = PBXGroup;
			children = (
				85EC02952B6DCF3C003B0206 /* DictionMasterTests.swift */,
			);
			path = DictionMasterTests;
			sourceTree = "<group>";
		};
		85EC029E2B6DCF3C003B0206 /* DictionMasterUITests */ = {
			isa = PBXGroup;
			children = (
				85EC029F2B6DCF3C003B0206 /* DictionMasterUITests.swift */,
				85EC02A12B6DCF3C003B0206 /* DictionMasterUITestsLaunchTests.swift */,
			);
			path = DictionMasterUITests;
			sourceTree = "<group>";
		};
		85EC02DA2B6DDBCF003B0206 /* Domain */ = {
			isa = PBXGroup;
			children = (
				853233B52B6E153600796931 /* Errors */,
				853233A82B6E0B7F00796931 /* Models */,
				853233A72B6E0B6D00796931 /* UseCases */,
			);
			path = Domain;
			sourceTree = "<group>";
		};
/* End PBXGroup section */

/* Begin PBXHeadersBuildPhase section */
		8593CF452B6DE7AE00613B07 /* Headers */ = {
			isa = PBXHeadersBuildPhase;
			buildActionMask = 2147483647;
			files = (
				8593CF582B6DE7AF00613B07 /* Data.h in Headers */,
			);
			runOnlyForDeploymentPostprocessing = 0;
		};
		85EC02D42B6DDBCE003B0206 /* Headers */ = {
			isa = PBXHeadersBuildPhase;
			buildActionMask = 2147483647;
			files = (
			);
			runOnlyForDeploymentPostprocessing = 0;
		};
/* End PBXHeadersBuildPhase section */

/* Begin PBXNativeTarget section */
		8593CF492B6DE7AE00613B07 /* Data */ = {
			isa = PBXNativeTarget;
			buildConfigurationList = 8593CF592B6DE7AF00613B07 /* Build configuration list for PBXNativeTarget "Data" */;
			buildPhases = (
				8593CF452B6DE7AE00613B07 /* Headers */,
				8593CF462B6DE7AE00613B07 /* Sources */,
				8593CF472B6DE7AE00613B07 /* Frameworks */,
				8593CF482B6DE7AE00613B07 /* Resources */,
				8593CF642B6DE7DD00613B07 /* Embed Frameworks */,
			);
			buildRules = (
			);
			dependencies = (
				8593CF632B6DE7DD00613B07 /* PBXTargetDependency */,
			);
			name = Data;
			productName = Data;
			productReference = 8593CF4A2B6DE7AE00613B07 /* Data.framework */;
			productType = "com.apple.product-type.framework";
		};
		8593CF502B6DE7AE00613B07 /* DataTests */ = {
			isa = PBXNativeTarget;
			buildConfigurationList = 8593CF5C2B6DE7AF00613B07 /* Build configuration list for PBXNativeTarget "DataTests" */;
			buildPhases = (
				8593CF4D2B6DE7AE00613B07 /* Sources */,
				8593CF4E2B6DE7AE00613B07 /* Frameworks */,
				8593CF4F2B6DE7AE00613B07 /* Resources */,
			);
			buildRules = (
			);
			dependencies = (
				8593CF542B6DE7AF00613B07 /* PBXTargetDependency */,
			);
			name = DataTests;
			productName = DataTests;
			productReference = 8593CF512B6DE7AE00613B07 /* DataTests.xctest */;
			productType = "com.apple.product-type.bundle.unit-test";
		};
		85EC02802B6DCF3A003B0206 /* DictionMaster */ = {
			isa = PBXNativeTarget;
			buildConfigurationList = 85EC02A52B6DCF3C003B0206 /* Build configuration list for PBXNativeTarget "DictionMaster" */;
			buildPhases = (
				85EC027D2B6DCF3A003B0206 /* Sources */,
				85EC027E2B6DCF3A003B0206 /* Frameworks */,
				85EC027F2B6DCF3A003B0206 /* Resources */,
				8593CF252B6DDE8300613B07 /* ShellScript */,
			);
			buildRules = (
			);
			dependencies = (
			);
			name = DictionMaster;
			productName = DictionMaster;
			productReference = 85EC02812B6DCF3A003B0206 /* DictionMaster.app */;
			productType = "com.apple.product-type.application";
		};
		85EC02902B6DCF3C003B0206 /* DictionMasterTests */ = {
			isa = PBXNativeTarget;
			buildConfigurationList = 85EC02A82B6DCF3C003B0206 /* Build configuration list for PBXNativeTarget "DictionMasterTests" */;
			buildPhases = (
				85EC028D2B6DCF3C003B0206 /* Sources */,
				85EC028E2B6DCF3C003B0206 /* Frameworks */,
				85EC028F2B6DCF3C003B0206 /* Resources */,
			);
			buildRules = (
			);
			dependencies = (
				85EC02932B6DCF3C003B0206 /* PBXTargetDependency */,
			);
			name = DictionMasterTests;
			productName = DictionMasterTests;
			productReference = 85EC02912B6DCF3C003B0206 /* DictionMasterTests.xctest */;
			productType = "com.apple.product-type.bundle.unit-test";
		};
		85EC029A2B6DCF3C003B0206 /* DictionMasterUITests */ = {
			isa = PBXNativeTarget;
			buildConfigurationList = 85EC02AB2B6DCF3C003B0206 /* Build configuration list for PBXNativeTarget "DictionMasterUITests" */;
			buildPhases = (
				85EC02972B6DCF3C003B0206 /* Sources */,
				85EC02982B6DCF3C003B0206 /* Frameworks */,
				85EC02992B6DCF3C003B0206 /* Resources */,
			);
			buildRules = (
			);
			dependencies = (
				85EC029D2B6DCF3C003B0206 /* PBXTargetDependency */,
			);
			name = DictionMasterUITests;
			productName = DictionMasterUITests;
			productReference = 85EC029B2B6DCF3C003B0206 /* DictionMasterUITests.xctest */;
			productType = "com.apple.product-type.bundle.ui-testing";
		};
		85EC02D82B6DDBCE003B0206 /* Domain */ = {
			isa = PBXNativeTarget;
			buildConfigurationList = 85EC02DD2B6DDBCF003B0206 /* Build configuration list for PBXNativeTarget "Domain" */;
			buildPhases = (
				85EC02D42B6DDBCE003B0206 /* Headers */,
				85EC02D52B6DDBCE003B0206 /* Sources */,
				85EC02D62B6DDBCE003B0206 /* Frameworks */,
				85EC02D72B6DDBCE003B0206 /* Resources */,
			);
			buildRules = (
			);
			dependencies = (
			);
			name = Domain;
			productName = Domain;
			productReference = 85EC02D92B6DDBCE003B0206 /* Domain.framework */;
			productType = "com.apple.product-type.framework";
		};
/* End PBXNativeTarget section */

/* Begin PBXProject section */
		85EC02792B6DCF3A003B0206 /* Project object */ = {
			isa = PBXProject;
			attributes = {
				BuildIndependentTargetsInParallel = 1;
				LastSwiftUpdateCheck = 1520;
				LastUpgradeCheck = 1520;
				TargetAttributes = {
					8593CF492B6DE7AE00613B07 = {
						CreatedOnToolsVersion = 15.2;
						LastSwiftMigration = 1520;
					};
					8593CF502B6DE7AE00613B07 = {
						CreatedOnToolsVersion = 15.2;
					};
					85EC02802B6DCF3A003B0206 = {
						CreatedOnToolsVersion = 15.2;
					};
					85EC02902B6DCF3C003B0206 = {
						CreatedOnToolsVersion = 15.2;
						TestTargetID = 85EC02802B6DCF3A003B0206;
					};
					85EC029A2B6DCF3C003B0206 = {
						CreatedOnToolsVersion = 15.2;
						TestTargetID = 85EC02802B6DCF3A003B0206;
					};
					85EC02D82B6DDBCE003B0206 = {
						CreatedOnToolsVersion = 15.2;
						LastSwiftMigration = 1520;
					};
				};
			};
			buildConfigurationList = 85EC027C2B6DCF3A003B0206 /* Build configuration list for PBXProject "DictionMaster" */;
			compatibilityVersion = "Xcode 14.0";
			developmentRegion = en;
			hasScannedForEncodings = 0;
			knownRegions = (
				en,
				Base,
			);
			mainGroup = 85EC02782B6DCF3A003B0206;
			packageReferences = (
			);
			productRefGroup = 85EC02822B6DCF3A003B0206 /* Products */;
			projectDirPath = "";
			projectRoot = "";
			targets = (
				85EC02802B6DCF3A003B0206 /* DictionMaster */,
				85EC02902B6DCF3C003B0206 /* DictionMasterTests */,
				85EC029A2B6DCF3C003B0206 /* DictionMasterUITests */,
				85EC02D82B6DDBCE003B0206 /* Domain */,
				8593CF492B6DE7AE00613B07 /* Data */,
				8593CF502B6DE7AE00613B07 /* DataTests */,
			);
		};
/* End PBXProject section */

/* Begin PBXResourcesBuildPhase section */
		8593CF482B6DE7AE00613B07 /* Resources */ = {
			isa = PBXResourcesBuildPhase;
			buildActionMask = 2147483647;
			files = (
			);
			runOnlyForDeploymentPostprocessing = 0;
		};
		8593CF4F2B6DE7AE00613B07 /* Resources */ = {
			isa = PBXResourcesBuildPhase;
			buildActionMask = 2147483647;
			files = (
			);
			runOnlyForDeploymentPostprocessing = 0;
		};
		85EC027F2B6DCF3A003B0206 /* Resources */ = {
			isa = PBXResourcesBuildPhase;
			buildActionMask = 2147483647;
			files = (
				85EC028C2B6DCF3C003B0206 /* Preview Assets.xcassets in Resources */,
				85EC02892B6DCF3C003B0206 /* Assets.xcassets in Resources */,
			);
			runOnlyForDeploymentPostprocessing = 0;
		};
		85EC028F2B6DCF3C003B0206 /* Resources */ = {
			isa = PBXResourcesBuildPhase;
			buildActionMask = 2147483647;
			files = (
			);
			runOnlyForDeploymentPostprocessing = 0;
		};
		85EC02992B6DCF3C003B0206 /* Resources */ = {
			isa = PBXResourcesBuildPhase;
			buildActionMask = 2147483647;
			files = (
			);
			runOnlyForDeploymentPostprocessing = 0;
		};
		85EC02D72B6DDBCE003B0206 /* Resources */ = {
			isa = PBXResourcesBuildPhase;
			buildActionMask = 2147483647;
			files = (
			);
			runOnlyForDeploymentPostprocessing = 0;
		};
/* End PBXResourcesBuildPhase section */

/* Begin PBXShellScriptBuildPhase section */
		8593CF252B6DDE8300613B07 /* ShellScript */ = {
			isa = PBXShellScriptBuildPhase;
			alwaysOutOfDate = 1;
			buildActionMask = 2147483647;
			files = (
			);
			inputFileListPaths = (
			);
			inputPaths = (
			);
			outputFileListPaths = (
			);
			outputPaths = (
			);
			runOnlyForDeploymentPostprocessing = 0;
			shellPath = /bin/sh;
			shellScript = "if [[ \"$(uname -m)\" == arm64 ]]; then\n    export PATH=\"/opt/homebrew/bin:$PATH\"\nfi\n\nif which swiftlint > /dev/null; then\n  swiftlint\nelse\n  echo \"warning: SwiftLint not installed, download from https://github.com/realm/SwiftLint\"\nfi\n";
		};
/* End PBXShellScriptBuildPhase section */

/* Begin PBXSourcesBuildPhase section */
		8593CF462B6DE7AE00613B07 /* Sources */ = {
			isa = PBXSourcesBuildPhase;
			buildActionMask = 2147483647;
			files = (
				853233B22B6E107800796931 /* RemoteGetWordDefinition.swift in Sources */,
				853233B92B6E175100796931 /* HttpError.swift in Sources */,
				853233B42B6E10A300796931 /* HttpGetClient.swift in Sources */,
			);
			runOnlyForDeploymentPostprocessing = 0;
		};
		8593CF4D2B6DE7AE00613B07 /* Sources */ = {
			isa = PBXSourcesBuildPhase;
			buildActionMask = 2147483647;
			files = (
				8593CF572B6DE7AF00613B07 /* GetWordDefinitionTests.swift in Sources */,
			);
			runOnlyForDeploymentPostprocessing = 0;
		};
		85EC027D2B6DCF3A003B0206 /* Sources */ = {
			isa = PBXSourcesBuildPhase;
			buildActionMask = 2147483647;
			files = (
				85EC02872B6DCF3A003B0206 /* ContentView.swift in Sources */,
				85EC02852B6DCF3A003B0206 /* DictionMasterApp.swift in Sources */,
			);
			runOnlyForDeploymentPostprocessing = 0;
		};
		85EC028D2B6DCF3C003B0206 /* Sources */ = {
			isa = PBXSourcesBuildPhase;
			buildActionMask = 2147483647;
			files = (
				85EC02962B6DCF3C003B0206 /* DictionMasterTests.swift in Sources */,
			);
			runOnlyForDeploymentPostprocessing = 0;
		};
		85EC02972B6DCF3C003B0206 /* Sources */ = {
			isa = PBXSourcesBuildPhase;
			buildActionMask = 2147483647;
			files = (
				85EC02A02B6DCF3C003B0206 /* DictionMasterUITests.swift in Sources */,
				85EC02A22B6DCF3C003B0206 /* DictionMasterUITestsLaunchTests.swift in Sources */,
			);
			runOnlyForDeploymentPostprocessing = 0;
		};
		85EC02D52B6DDBCE003B0206 /* Sources */ = {
			isa = PBXSourcesBuildPhase;
			buildActionMask = 2147483647;
			files = (
				8593CF2A2B6DE5A600613B07 /* WordDefinition.swift in Sources */,
				853233B72B6E156400796931 /* DomainError.swift in Sources */,
				853233AA2B6E0BA900796931 /* Phonetic.swift in Sources */,
				853233AE2B6E0BDB00796931 /* Definition.swift in Sources */,
				8593CF242B6DDDC600613B07 /* GetWordDefinition.swift in Sources */,
				853233AC2B6E0BBC00796931 /* Meaning.swift in Sources */,
			);
			runOnlyForDeploymentPostprocessing = 0;
		};
/* End PBXSourcesBuildPhase section */

/* Begin PBXTargetDependency section */
		8593CF542B6DE7AF00613B07 /* PBXTargetDependency */ = {
			isa = PBXTargetDependency;
			target = 8593CF492B6DE7AE00613B07 /* Data */;
			targetProxy = 8593CF532B6DE7AF00613B07 /* PBXContainerItemProxy */;
		};
		8593CF632B6DE7DD00613B07 /* PBXTargetDependency */ = {
			isa = PBXTargetDependency;
			target = 85EC02D82B6DDBCE003B0206 /* Domain */;
			targetProxy = 8593CF622B6DE7DD00613B07 /* PBXContainerItemProxy */;
		};
		85EC02932B6DCF3C003B0206 /* PBXTargetDependency */ = {
			isa = PBXTargetDependency;
			target = 85EC02802B6DCF3A003B0206 /* DictionMaster */;
			targetProxy = 85EC02922B6DCF3C003B0206 /* PBXContainerItemProxy */;
		};
		85EC029D2B6DCF3C003B0206 /* PBXTargetDependency */ = {
			isa = PBXTargetDependency;
			target = 85EC02802B6DCF3A003B0206 /* DictionMaster */;
			targetProxy = 85EC029C2B6DCF3C003B0206 /* PBXContainerItemProxy */;
		};
/* End PBXTargetDependency section */

/* Begin XCBuildConfiguration section */
		8593CF5A2B6DE7AF00613B07 /* Debug */ = {
			isa = XCBuildConfiguration;
			buildSettings = {
				CLANG_ENABLE_MODULES = YES;
				CODE_SIGN_STYLE = Automatic;
				COMBINE_HIDPI_IMAGES = YES;
				CURRENT_PROJECT_VERSION = 1;
				DEFINES_MODULE = YES;
				DEVELOPMENT_TEAM = F2MBMJ3PK6;
				DYLIB_COMPATIBILITY_VERSION = 1;
				DYLIB_CURRENT_VERSION = 1;
				DYLIB_INSTALL_NAME_BASE = "@rpath";
				ENABLE_MODULE_VERIFIER = YES;
				GENERATE_INFOPLIST_FILE = YES;
				INFOPLIST_KEY_NSHumanReadableCopyright = "";
				INSTALL_PATH = "$(LOCAL_LIBRARY_DIR)/Frameworks";
				LD_RUNPATH_SEARCH_PATHS = (
					"$(inherited)",
					"@executable_path/../Frameworks",
					"@loader_path/Frameworks",
				);
				MACOSX_DEPLOYMENT_TARGET = 14.2;
				MARKETING_VERSION = 1.0;
				MODULE_VERIFIER_SUPPORTED_LANGUAGES = "objective-c objective-c++";
				MODULE_VERIFIER_SUPPORTED_LANGUAGE_STANDARDS = "gnu17 gnu++20";
				PRODUCT_BUNDLE_IDENTIFIER = com.joanwilson.Data;
				PRODUCT_NAME = "$(TARGET_NAME:c99extidentifier)";
				SDKROOT = macosx;
				SKIP_INSTALL = YES;
				SWIFT_EMIT_LOC_STRINGS = YES;
				SWIFT_OPTIMIZATION_LEVEL = "-Onone";
				SWIFT_VERSION = 5.0;
				VERSIONING_SYSTEM = "apple-generic";
				VERSION_INFO_PREFIX = "";
			};
			name = Debug;
		};
		8593CF5B2B6DE7AF00613B07 /* Release */ = {
			isa = XCBuildConfiguration;
			buildSettings = {
				CLANG_ENABLE_MODULES = YES;
				CODE_SIGN_STYLE = Automatic;
				COMBINE_HIDPI_IMAGES = YES;
				CURRENT_PROJECT_VERSION = 1;
				DEFINES_MODULE = YES;
				DEVELOPMENT_TEAM = F2MBMJ3PK6;
				DYLIB_COMPATIBILITY_VERSION = 1;
				DYLIB_CURRENT_VERSION = 1;
				DYLIB_INSTALL_NAME_BASE = "@rpath";
				ENABLE_MODULE_VERIFIER = YES;
				GENERATE_INFOPLIST_FILE = YES;
				INFOPLIST_KEY_NSHumanReadableCopyright = "";
				INSTALL_PATH = "$(LOCAL_LIBRARY_DIR)/Frameworks";
				LD_RUNPATH_SEARCH_PATHS = (
					"$(inherited)",
					"@executable_path/../Frameworks",
					"@loader_path/Frameworks",
				);
				MACOSX_DEPLOYMENT_TARGET = 14.2;
				MARKETING_VERSION = 1.0;
				MODULE_VERIFIER_SUPPORTED_LANGUAGES = "objective-c objective-c++";
				MODULE_VERIFIER_SUPPORTED_LANGUAGE_STANDARDS = "gnu17 gnu++20";
				PRODUCT_BUNDLE_IDENTIFIER = com.joanwilson.Data;
				PRODUCT_NAME = "$(TARGET_NAME:c99extidentifier)";
				SDKROOT = macosx;
				SKIP_INSTALL = YES;
				SWIFT_EMIT_LOC_STRINGS = YES;
				SWIFT_VERSION = 5.0;
				VERSIONING_SYSTEM = "apple-generic";
				VERSION_INFO_PREFIX = "";
			};
			name = Release;
		};
		8593CF5D2B6DE7AF00613B07 /* Debug */ = {
			isa = XCBuildConfiguration;
			buildSettings = {
				ALWAYS_EMBED_SWIFT_STANDARD_LIBRARIES = YES;
				CODE_SIGN_STYLE = Automatic;
				CURRENT_PROJECT_VERSION = 1;
				DEVELOPMENT_TEAM = F2MBMJ3PK6;
				GENERATE_INFOPLIST_FILE = YES;
				MACOSX_DEPLOYMENT_TARGET = 14.2;
				MARKETING_VERSION = 1.0;
				PRODUCT_BUNDLE_IDENTIFIER = com.joanwilson.DataTests;
				PRODUCT_NAME = "$(TARGET_NAME)";
				SDKROOT = macosx;
				SWIFT_EMIT_LOC_STRINGS = NO;
				SWIFT_VERSION = 5.0;
			};
			name = Debug;
		};
		8593CF5E2B6DE7AF00613B07 /* Release */ = {
			isa = XCBuildConfiguration;
			buildSettings = {
				ALWAYS_EMBED_SWIFT_STANDARD_LIBRARIES = YES;
				CODE_SIGN_STYLE = Automatic;
				CURRENT_PROJECT_VERSION = 1;
				DEVELOPMENT_TEAM = F2MBMJ3PK6;
				GENERATE_INFOPLIST_FILE = YES;
				MACOSX_DEPLOYMENT_TARGET = 14.2;
				MARKETING_VERSION = 1.0;
				PRODUCT_BUNDLE_IDENTIFIER = com.joanwilson.DataTests;
				PRODUCT_NAME = "$(TARGET_NAME)";
				SDKROOT = macosx;
				SWIFT_EMIT_LOC_STRINGS = NO;
				SWIFT_VERSION = 5.0;
			};
			name = Release;
		};
		85EC02A32B6DCF3C003B0206 /* Debug */ = {
			isa = XCBuildConfiguration;
			buildSettings = {
				ALWAYS_SEARCH_USER_PATHS = NO;
				ASSETCATALOG_COMPILER_GENERATE_SWIFT_ASSET_SYMBOL_EXTENSIONS = YES;
				CLANG_ANALYZER_NONNULL = YES;
				CLANG_ANALYZER_NUMBER_OBJECT_CONVERSION = YES_AGGRESSIVE;
				CLANG_CXX_LANGUAGE_STANDARD = "gnu++20";
				CLANG_ENABLE_MODULES = YES;
				CLANG_ENABLE_OBJC_ARC = YES;
				CLANG_ENABLE_OBJC_WEAK = YES;
				CLANG_WARN_BLOCK_CAPTURE_AUTORELEASING = YES;
				CLANG_WARN_BOOL_CONVERSION = YES;
				CLANG_WARN_COMMA = YES;
				CLANG_WARN_CONSTANT_CONVERSION = YES;
				CLANG_WARN_DEPRECATED_OBJC_IMPLEMENTATIONS = YES;
				CLANG_WARN_DIRECT_OBJC_ISA_USAGE = YES_ERROR;
				CLANG_WARN_DOCUMENTATION_COMMENTS = YES;
				CLANG_WARN_EMPTY_BODY = YES;
				CLANG_WARN_ENUM_CONVERSION = YES;
				CLANG_WARN_INFINITE_RECURSION = YES;
				CLANG_WARN_INT_CONVERSION = YES;
				CLANG_WARN_NON_LITERAL_NULL_CONVERSION = YES;
				CLANG_WARN_OBJC_IMPLICIT_RETAIN_SELF = YES;
				CLANG_WARN_OBJC_LITERAL_CONVERSION = YES;
				CLANG_WARN_OBJC_ROOT_CLASS = YES_ERROR;
				CLANG_WARN_QUOTED_INCLUDE_IN_FRAMEWORK_HEADER = YES;
				CLANG_WARN_RANGE_LOOP_ANALYSIS = YES;
				CLANG_WARN_STRICT_PROTOTYPES = YES;
				CLANG_WARN_SUSPICIOUS_MOVE = YES;
				CLANG_WARN_UNGUARDED_AVAILABILITY = YES_AGGRESSIVE;
				CLANG_WARN_UNREACHABLE_CODE = YES;
				CLANG_WARN__DUPLICATE_METHOD_MATCH = YES;
				COPY_PHASE_STRIP = NO;
				DEBUG_INFORMATION_FORMAT = dwarf;
				ENABLE_STRICT_OBJC_MSGSEND = YES;
				ENABLE_TESTABILITY = YES;
				ENABLE_USER_SCRIPT_SANDBOXING = YES;
				GCC_C_LANGUAGE_STANDARD = gnu17;
				GCC_DYNAMIC_NO_PIC = NO;
				GCC_NO_COMMON_BLOCKS = YES;
				GCC_OPTIMIZATION_LEVEL = 0;
				GCC_PREPROCESSOR_DEFINITIONS = (
					"DEBUG=1",
					"$(inherited)",
				);
				GCC_WARN_64_TO_32_BIT_CONVERSION = YES;
				GCC_WARN_ABOUT_RETURN_TYPE = YES_ERROR;
				GCC_WARN_UNDECLARED_SELECTOR = YES;
				GCC_WARN_UNINITIALIZED_AUTOS = YES_AGGRESSIVE;
				GCC_WARN_UNUSED_FUNCTION = YES;
				GCC_WARN_UNUSED_VARIABLE = YES;
				IPHONEOS_DEPLOYMENT_TARGET = 17.2;
				LOCALIZATION_PREFERS_STRING_CATALOGS = YES;
				MTL_ENABLE_DEBUG_INFO = INCLUDE_SOURCE;
				MTL_FAST_MATH = YES;
				ONLY_ACTIVE_ARCH = YES;
				SDKROOT = iphoneos;
				SWIFT_ACTIVE_COMPILATION_CONDITIONS = "DEBUG $(inherited)";
				SWIFT_OPTIMIZATION_LEVEL = "-Onone";
			};
			name = Debug;
		};
		85EC02A42B6DCF3C003B0206 /* Release */ = {
			isa = XCBuildConfiguration;
			buildSettings = {
				ALWAYS_SEARCH_USER_PATHS = NO;
				ASSETCATALOG_COMPILER_GENERATE_SWIFT_ASSET_SYMBOL_EXTENSIONS = YES;
				CLANG_ANALYZER_NONNULL = YES;
				CLANG_ANALYZER_NUMBER_OBJECT_CONVERSION = YES_AGGRESSIVE;
				CLANG_CXX_LANGUAGE_STANDARD = "gnu++20";
				CLANG_ENABLE_MODULES = YES;
				CLANG_ENABLE_OBJC_ARC = YES;
				CLANG_ENABLE_OBJC_WEAK = YES;
				CLANG_WARN_BLOCK_CAPTURE_AUTORELEASING = YES;
				CLANG_WARN_BOOL_CONVERSION = YES;
				CLANG_WARN_COMMA = YES;
				CLANG_WARN_CONSTANT_CONVERSION = YES;
				CLANG_WARN_DEPRECATED_OBJC_IMPLEMENTATIONS = YES;
				CLANG_WARN_DIRECT_OBJC_ISA_USAGE = YES_ERROR;
				CLANG_WARN_DOCUMENTATION_COMMENTS = YES;
				CLANG_WARN_EMPTY_BODY = YES;
				CLANG_WARN_ENUM_CONVERSION = YES;
				CLANG_WARN_INFINITE_RECURSION = YES;
				CLANG_WARN_INT_CONVERSION = YES;
				CLANG_WARN_NON_LITERAL_NULL_CONVERSION = YES;
				CLANG_WARN_OBJC_IMPLICIT_RETAIN_SELF = YES;
				CLANG_WARN_OBJC_LITERAL_CONVERSION = YES;
				CLANG_WARN_OBJC_ROOT_CLASS = YES_ERROR;
				CLANG_WARN_QUOTED_INCLUDE_IN_FRAMEWORK_HEADER = YES;
				CLANG_WARN_RANGE_LOOP_ANALYSIS = YES;
				CLANG_WARN_STRICT_PROTOTYPES = YES;
				CLANG_WARN_SUSPICIOUS_MOVE = YES;
				CLANG_WARN_UNGUARDED_AVAILABILITY = YES_AGGRESSIVE;
				CLANG_WARN_UNREACHABLE_CODE = YES;
				CLANG_WARN__DUPLICATE_METHOD_MATCH = YES;
				COPY_PHASE_STRIP = NO;
				DEBUG_INFORMATION_FORMAT = "dwarf-with-dsym";
				ENABLE_NS_ASSERTIONS = NO;
				ENABLE_STRICT_OBJC_MSGSEND = YES;
				ENABLE_USER_SCRIPT_SANDBOXING = YES;
				GCC_C_LANGUAGE_STANDARD = gnu17;
				GCC_NO_COMMON_BLOCKS = YES;
				GCC_WARN_64_TO_32_BIT_CONVERSION = YES;
				GCC_WARN_ABOUT_RETURN_TYPE = YES_ERROR;
				GCC_WARN_UNDECLARED_SELECTOR = YES;
				GCC_WARN_UNINITIALIZED_AUTOS = YES_AGGRESSIVE;
				GCC_WARN_UNUSED_FUNCTION = YES;
				GCC_WARN_UNUSED_VARIABLE = YES;
				IPHONEOS_DEPLOYMENT_TARGET = 17.2;
				LOCALIZATION_PREFERS_STRING_CATALOGS = YES;
				MTL_ENABLE_DEBUG_INFO = NO;
				MTL_FAST_MATH = YES;
				SDKROOT = iphoneos;
				SWIFT_COMPILATION_MODE = wholemodule;
				VALIDATE_PRODUCT = YES;
			};
			name = Release;
		};
		85EC02A62B6DCF3C003B0206 /* Debug */ = {
			isa = XCBuildConfiguration;
			buildSettings = {
				ASSETCATALOG_COMPILER_APPICON_NAME = AppIcon;
				ASSETCATALOG_COMPILER_GLOBAL_ACCENT_COLOR_NAME = AccentColor;
				CODE_SIGN_STYLE = Automatic;
				CURRENT_PROJECT_VERSION = 1;
				DEVELOPMENT_ASSET_PATHS = "\"DictionMaster/Preview Content\"";
				DEVELOPMENT_TEAM = F2MBMJ3PK6;
				ENABLE_PREVIEWS = YES;
				ENABLE_USER_SCRIPT_SANDBOXING = NO;
				GENERATE_INFOPLIST_FILE = YES;
				INFOPLIST_KEY_UIApplicationSceneManifest_Generation = YES;
				INFOPLIST_KEY_UIApplicationSupportsIndirectInputEvents = YES;
				INFOPLIST_KEY_UILaunchScreen_Generation = YES;
				INFOPLIST_KEY_UISupportedInterfaceOrientations_iPad = "UIInterfaceOrientationPortrait UIInterfaceOrientationPortraitUpsideDown UIInterfaceOrientationLandscapeLeft UIInterfaceOrientationLandscapeRight";
				INFOPLIST_KEY_UISupportedInterfaceOrientations_iPhone = "UIInterfaceOrientationPortrait UIInterfaceOrientationLandscapeLeft UIInterfaceOrientationLandscapeRight";
				LD_RUNPATH_SEARCH_PATHS = (
					"$(inherited)",
					"@executable_path/Frameworks",
				);
				MARKETING_VERSION = 1.0;
				PRODUCT_BUNDLE_IDENTIFIER = com.joanwilson.DictionMaster;
				PRODUCT_NAME = "$(TARGET_NAME)";
				SWIFT_EMIT_LOC_STRINGS = YES;
				SWIFT_VERSION = 5.0;
				TARGETED_DEVICE_FAMILY = "1,2";
			};
			name = Debug;
		};
		85EC02A72B6DCF3C003B0206 /* Release */ = {
			isa = XCBuildConfiguration;
			buildSettings = {
				ASSETCATALOG_COMPILER_APPICON_NAME = AppIcon;
				ASSETCATALOG_COMPILER_GLOBAL_ACCENT_COLOR_NAME = AccentColor;
				CODE_SIGN_STYLE = Automatic;
				CURRENT_PROJECT_VERSION = 1;
				DEVELOPMENT_ASSET_PATHS = "\"DictionMaster/Preview Content\"";
				DEVELOPMENT_TEAM = F2MBMJ3PK6;
				ENABLE_PREVIEWS = YES;
				ENABLE_USER_SCRIPT_SANDBOXING = NO;
				GENERATE_INFOPLIST_FILE = YES;
				INFOPLIST_KEY_UIApplicationSceneManifest_Generation = YES;
				INFOPLIST_KEY_UIApplicationSupportsIndirectInputEvents = YES;
				INFOPLIST_KEY_UILaunchScreen_Generation = YES;
				INFOPLIST_KEY_UISupportedInterfaceOrientations_iPad = "UIInterfaceOrientationPortrait UIInterfaceOrientationPortraitUpsideDown UIInterfaceOrientationLandscapeLeft UIInterfaceOrientationLandscapeRight";
				INFOPLIST_KEY_UISupportedInterfaceOrientations_iPhone = "UIInterfaceOrientationPortrait UIInterfaceOrientationLandscapeLeft UIInterfaceOrientationLandscapeRight";
				LD_RUNPATH_SEARCH_PATHS = (
					"$(inherited)",
					"@executable_path/Frameworks",
				);
				MARKETING_VERSION = 1.0;
				PRODUCT_BUNDLE_IDENTIFIER = com.joanwilson.DictionMaster;
				PRODUCT_NAME = "$(TARGET_NAME)";
				SWIFT_EMIT_LOC_STRINGS = YES;
				SWIFT_VERSION = 5.0;
				TARGETED_DEVICE_FAMILY = "1,2";
			};
			name = Release;
		};
		85EC02A92B6DCF3C003B0206 /* Debug */ = {
			isa = XCBuildConfiguration;
			buildSettings = {
				ALWAYS_EMBED_SWIFT_STANDARD_LIBRARIES = YES;
				BUNDLE_LOADER = "$(TEST_HOST)";
				CODE_SIGN_STYLE = Automatic;
				CURRENT_PROJECT_VERSION = 1;
				DEVELOPMENT_TEAM = F2MBMJ3PK6;
				GENERATE_INFOPLIST_FILE = YES;
				IPHONEOS_DEPLOYMENT_TARGET = 17.2;
				MARKETING_VERSION = 1.0;
				PRODUCT_BUNDLE_IDENTIFIER = com.joanwilson.DictionMasterTests;
				PRODUCT_NAME = "$(TARGET_NAME)";
				SWIFT_EMIT_LOC_STRINGS = NO;
				SWIFT_VERSION = 5.0;
				TARGETED_DEVICE_FAMILY = "1,2";
				TEST_HOST = "$(BUILT_PRODUCTS_DIR)/DictionMaster.app/$(BUNDLE_EXECUTABLE_FOLDER_PATH)/DictionMaster";
			};
			name = Debug;
		};
		85EC02AA2B6DCF3C003B0206 /* Release */ = {
			isa = XCBuildConfiguration;
			buildSettings = {
				ALWAYS_EMBED_SWIFT_STANDARD_LIBRARIES = YES;
				BUNDLE_LOADER = "$(TEST_HOST)";
				CODE_SIGN_STYLE = Automatic;
				CURRENT_PROJECT_VERSION = 1;
				DEVELOPMENT_TEAM = F2MBMJ3PK6;
				GENERATE_INFOPLIST_FILE = YES;
				IPHONEOS_DEPLOYMENT_TARGET = 17.2;
				MARKETING_VERSION = 1.0;
				PRODUCT_BUNDLE_IDENTIFIER = com.joanwilson.DictionMasterTests;
				PRODUCT_NAME = "$(TARGET_NAME)";
				SWIFT_EMIT_LOC_STRINGS = NO;
				SWIFT_VERSION = 5.0;
				TARGETED_DEVICE_FAMILY = "1,2";
				TEST_HOST = "$(BUILT_PRODUCTS_DIR)/DictionMaster.app/$(BUNDLE_EXECUTABLE_FOLDER_PATH)/DictionMaster";
			};
			name = Release;
		};
		85EC02AC2B6DCF3C003B0206 /* Debug */ = {
			isa = XCBuildConfiguration;
			buildSettings = {
				ALWAYS_EMBED_SWIFT_STANDARD_LIBRARIES = YES;
				CODE_SIGN_STYLE = Automatic;
				CURRENT_PROJECT_VERSION = 1;
				DEVELOPMENT_TEAM = F2MBMJ3PK6;
				GENERATE_INFOPLIST_FILE = YES;
				MARKETING_VERSION = 1.0;
				PRODUCT_BUNDLE_IDENTIFIER = com.joanwilson.DictionMasterUITests;
				PRODUCT_NAME = "$(TARGET_NAME)";
				SWIFT_EMIT_LOC_STRINGS = NO;
				SWIFT_VERSION = 5.0;
				TARGETED_DEVICE_FAMILY = "1,2";
				TEST_TARGET_NAME = DictionMaster;
			};
			name = Debug;
		};
		85EC02AD2B6DCF3C003B0206 /* Release */ = {
			isa = XCBuildConfiguration;
			buildSettings = {
				ALWAYS_EMBED_SWIFT_STANDARD_LIBRARIES = YES;
				CODE_SIGN_STYLE = Automatic;
				CURRENT_PROJECT_VERSION = 1;
				DEVELOPMENT_TEAM = F2MBMJ3PK6;
				GENERATE_INFOPLIST_FILE = YES;
				MARKETING_VERSION = 1.0;
				PRODUCT_BUNDLE_IDENTIFIER = com.joanwilson.DictionMasterUITests;
				PRODUCT_NAME = "$(TARGET_NAME)";
				SWIFT_EMIT_LOC_STRINGS = NO;
				SWIFT_VERSION = 5.0;
				TARGETED_DEVICE_FAMILY = "1,2";
				TEST_TARGET_NAME = DictionMaster;
			};
			name = Release;
		};
		85EC02DE2B6DDBCF003B0206 /* Debug */ = {
			isa = XCBuildConfiguration;
			buildSettings = {
				CLANG_ENABLE_MODULES = YES;
				CODE_SIGN_STYLE = Automatic;
				COMBINE_HIDPI_IMAGES = YES;
				CURRENT_PROJECT_VERSION = 1;
				DEFINES_MODULE = YES;
				DEVELOPMENT_TEAM = F2MBMJ3PK6;
				DYLIB_COMPATIBILITY_VERSION = 1;
				DYLIB_CURRENT_VERSION = 1;
				DYLIB_INSTALL_NAME_BASE = "@rpath";
				ENABLE_MODULE_VERIFIER = YES;
				GENERATE_INFOPLIST_FILE = YES;
				INFOPLIST_KEY_NSHumanReadableCopyright = "";
				INSTALL_PATH = "$(LOCAL_LIBRARY_DIR)/Frameworks";
				LD_RUNPATH_SEARCH_PATHS = (
					"$(inherited)",
					"@executable_path/../Frameworks",
					"@loader_path/Frameworks",
				);
				MACOSX_DEPLOYMENT_TARGET = 14.2;
				MARKETING_VERSION = 1.0;
				MODULE_VERIFIER_SUPPORTED_LANGUAGES = "objective-c objective-c++";
				MODULE_VERIFIER_SUPPORTED_LANGUAGE_STANDARDS = "gnu17 gnu++20";
				PRODUCT_BUNDLE_IDENTIFIER = com.joanwilson.Domain;
				PRODUCT_NAME = "$(TARGET_NAME:c99extidentifier)";
				SDKROOT = macosx;
				SKIP_INSTALL = YES;
				SWIFT_EMIT_LOC_STRINGS = YES;
				SWIFT_OPTIMIZATION_LEVEL = "-Onone";
				SWIFT_VERSION = 5.0;
				VERSIONING_SYSTEM = "apple-generic";
				VERSION_INFO_PREFIX = "";
			};
			name = Debug;
		};
		85EC02DF2B6DDBCF003B0206 /* Release */ = {
			isa = XCBuildConfiguration;
			buildSettings = {
				CLANG_ENABLE_MODULES = YES;
				CODE_SIGN_STYLE = Automatic;
				COMBINE_HIDPI_IMAGES = YES;
				CURRENT_PROJECT_VERSION = 1;
				DEFINES_MODULE = YES;
				DEVELOPMENT_TEAM = F2MBMJ3PK6;
				DYLIB_COMPATIBILITY_VERSION = 1;
				DYLIB_CURRENT_VERSION = 1;
				DYLIB_INSTALL_NAME_BASE = "@rpath";
				ENABLE_MODULE_VERIFIER = YES;
				GENERATE_INFOPLIST_FILE = YES;
				INFOPLIST_KEY_NSHumanReadableCopyright = "";
				INSTALL_PATH = "$(LOCAL_LIBRARY_DIR)/Frameworks";
				LD_RUNPATH_SEARCH_PATHS = (
					"$(inherited)",
					"@executable_path/../Frameworks",
					"@loader_path/Frameworks",
				);
				MACOSX_DEPLOYMENT_TARGET = 14.2;
				MARKETING_VERSION = 1.0;
				MODULE_VERIFIER_SUPPORTED_LANGUAGES = "objective-c objective-c++";
				MODULE_VERIFIER_SUPPORTED_LANGUAGE_STANDARDS = "gnu17 gnu++20";
				PRODUCT_BUNDLE_IDENTIFIER = com.joanwilson.Domain;
				PRODUCT_NAME = "$(TARGET_NAME:c99extidentifier)";
				SDKROOT = macosx;
				SKIP_INSTALL = YES;
				SWIFT_EMIT_LOC_STRINGS = YES;
				SWIFT_VERSION = 5.0;
				VERSIONING_SYSTEM = "apple-generic";
				VERSION_INFO_PREFIX = "";
			};
			name = Release;
		};
/* End XCBuildConfiguration section */

/* Begin XCConfigurationList section */
		8593CF592B6DE7AF00613B07 /* Build configuration list for PBXNativeTarget "Data" */ = {
			isa = XCConfigurationList;
			buildConfigurations = (
				8593CF5A2B6DE7AF00613B07 /* Debug */,
				8593CF5B2B6DE7AF00613B07 /* Release */,
			);
			defaultConfigurationIsVisible = 0;
			defaultConfigurationName = Release;
		};
		8593CF5C2B6DE7AF00613B07 /* Build configuration list for PBXNativeTarget "DataTests" */ = {
			isa = XCConfigurationList;
			buildConfigurations = (
				8593CF5D2B6DE7AF00613B07 /* Debug */,
				8593CF5E2B6DE7AF00613B07 /* Release */,
			);
			defaultConfigurationIsVisible = 0;
			defaultConfigurationName = Release;
		};
		85EC027C2B6DCF3A003B0206 /* Build configuration list for PBXProject "DictionMaster" */ = {
			isa = XCConfigurationList;
			buildConfigurations = (
				85EC02A32B6DCF3C003B0206 /* Debug */,
				85EC02A42B6DCF3C003B0206 /* Release */,
			);
			defaultConfigurationIsVisible = 0;
			defaultConfigurationName = Release;
		};
		85EC02A52B6DCF3C003B0206 /* Build configuration list for PBXNativeTarget "DictionMaster" */ = {
			isa = XCConfigurationList;
			buildConfigurations = (
				85EC02A62B6DCF3C003B0206 /* Debug */,
				85EC02A72B6DCF3C003B0206 /* Release */,
			);
			defaultConfigurationIsVisible = 0;
			defaultConfigurationName = Release;
		};
		85EC02A82B6DCF3C003B0206 /* Build configuration list for PBXNativeTarget "DictionMasterTests" */ = {
			isa = XCConfigurationList;
			buildConfigurations = (
				85EC02A92B6DCF3C003B0206 /* Debug */,
				85EC02AA2B6DCF3C003B0206 /* Release */,
			);
			defaultConfigurationIsVisible = 0;
			defaultConfigurationName = Release;
		};
		85EC02AB2B6DCF3C003B0206 /* Build configuration list for PBXNativeTarget "DictionMasterUITests" */ = {
			isa = XCConfigurationList;
			buildConfigurations = (
				85EC02AC2B6DCF3C003B0206 /* Debug */,
				85EC02AD2B6DCF3C003B0206 /* Release */,
			);
			defaultConfigurationIsVisible = 0;
			defaultConfigurationName = Release;
		};
		85EC02DD2B6DDBCF003B0206 /* Build configuration list for PBXNativeTarget "Domain" */ = {
			isa = XCConfigurationList;
			buildConfigurations = (
				85EC02DE2B6DDBCF003B0206 /* Debug */,
				85EC02DF2B6DDBCF003B0206 /* Release */,
			);
			defaultConfigurationIsVisible = 0;
			defaultConfigurationName = Release;
		};
/* End XCConfigurationList section */
	};
	rootObject = 85EC02792B6DCF3A003B0206 /* Project object */;
}
