// !$*UTF8*$!
{
	archiveVersion = 1;
	classes = {
	};
	objectVersion = 56;
	objects = {

/* Begin PBXBuildFile section */
		8503DB7F2B709304005C91B9 /* SearchView.swift in Sources */ = {isa = PBXBuildFile; fileRef = 8503DB7E2B709304005C91B9 /* SearchView.swift */; };
		8503DB832B70932D005C91B9 /* SearchViewModel.swift in Sources */ = {isa = PBXBuildFile; fileRef = 8503DB822B70932D005C91B9 /* SearchViewModel.swift */; };
		8503DB862B709573005C91B9 /* FlagView.swift in Sources */ = {isa = PBXBuildFile; fileRef = 8503DB852B709573005C91B9 /* FlagView.swift */; };
		8503DB8A2B709F76005C91B9 /* InputWord.swift in Sources */ = {isa = PBXBuildFile; fileRef = 8503DB892B709F76005C91B9 /* InputWord.swift */; };
		8503DB8E2B70ADBD005C91B9 /* UIScreen+.swift in Sources */ = {isa = PBXBuildFile; fileRef = 8503DB8D2B70ADBD005C91B9 /* UIScreen+.swift */; };
		8503DB922B70B053005C91B9 /* PrimaryButtonStyle.swift in Sources */ = {isa = PBXBuildFile; fileRef = 8503DB912B70B053005C91B9 /* PrimaryButtonStyle.swift */; };
		8503DB9F2B7120CA005C91B9 /* ResultView.swift in Sources */ = {isa = PBXBuildFile; fileRef = 8503DB9E2B7120CA005C91B9 /* ResultView.swift */; };
		8503DBA22B7124EA005C91B9 /* ResultHeaderView.swift in Sources */ = {isa = PBXBuildFile; fileRef = 8503DBA12B7124EA005C91B9 /* ResultHeaderView.swift */; };
		85300B372B718FE100471E09 /* SubscriptionHeader.swift in Sources */ = {isa = PBXBuildFile; fileRef = 85300B362B718FE100471E09 /* SubscriptionHeader.swift */; };
		85300B392B71A08B00471E09 /* SubscriptionBody.swift in Sources */ = {isa = PBXBuildFile; fileRef = 85300B382B71A08B00471E09 /* SubscriptionBody.swift */; };
		853A25722B71502400B31AA9 /* WordDefinitionsList.swift in Sources */ = {isa = PBXBuildFile; fileRef = 853A25712B71502400B31AA9 /* WordDefinitionsList.swift */; };
		85440F752B75ADD500229D49 /* SearchViewModelTests.swift in Sources */ = {isa = PBXBuildFile; fileRef = 85440F742B75ADD500229D49 /* SearchViewModelTests.swift */; };
		85440F792B75D60D00229D49 /* SubscriptionViewModel.swift in Sources */ = {isa = PBXBuildFile; fileRef = 85440F782B75D60D00229D49 /* SubscriptionViewModel.swift */; };
		85440F7B2B75D68900229D49 /* ResetUserCreditUseCase.swift in Sources */ = {isa = PBXBuildFile; fileRef = 85440F7A2B75D68900229D49 /* ResetUserCreditUseCase.swift */; };
		85440F7D2B75D6CA00229D49 /* ResetUserCreditLocal.swift in Sources */ = {isa = PBXBuildFile; fileRef = 85440F7C2B75D6CA00229D49 /* ResetUserCreditLocal.swift */; };
		855F86162B753EEB0038950F /* AppFactory.swift in Sources */ = {isa = PBXBuildFile; fileRef = 855F86152B753EEB0038950F /* AppFactory.swift */; };
		855F86182B75415E0038950F /* ResultBottomView.swift in Sources */ = {isa = PBXBuildFile; fileRef = 855F86172B75415E0038950F /* ResultBottomView.swift */; };
		855F861A2B7563620038950F /* View+.swift in Sources */ = {isa = PBXBuildFile; fileRef = 855F86192B7563620038950F /* View+.swift */; };
		855F86212B756E580038950F /* LaunchScreen.storyboard in Resources */ = {isa = PBXBuildFile; fileRef = 855F86202B756E580038950F /* LaunchScreen.storyboard */; };
		855F86232B7574280038950F /* ResultWordDefinition.swift in Sources */ = {isa = PBXBuildFile; fileRef = 855F86222B7574280038950F /* ResultWordDefinition.swift */; };
		855F86252B7577400038950F /* ResultViewModel.swift in Sources */ = {isa = PBXBuildFile; fileRef = 855F86242B7577400038950F /* ResultViewModel.swift */; };
		855F86272B75854A0038950F /* CacheRepositoryMock.swift in Sources */ = {isa = PBXBuildFile; fileRef = 855F86262B75854A0038950F /* CacheRepositoryMock.swift */; };
		855F86292B7585B90038950F /* UserCreditRepositoryMock.swift in Sources */ = {isa = PBXBuildFile; fileRef = 855F86282B7585B90038950F /* UserCreditRepositoryMock.swift */; };
		8573D3022B740127003A2C36 /* CacheRepository.swift in Sources */ = {isa = PBXBuildFile; fileRef = 8573D3012B740127003A2C36 /* CacheRepository.swift */; };
		8573D30A2B74077E003A2C36 /* URLSessionHttpClient.swift in Sources */ = {isa = PBXBuildFile; fileRef = 8573D3092B74077E003A2C36 /* URLSessionHttpClient.swift */; };
		8573D30B2B74079D003A2C36 /* Data.framework in Frameworks */ = {isa = PBXBuildFile; fileRef = 85D6854E2B73B88000BBD7F3 /* Data.framework */; };
		8573D30C2B74079D003A2C36 /* Data.framework in Embed Frameworks */ = {isa = PBXBuildFile; fileRef = 85D6854E2B73B88000BBD7F3 /* Data.framework */; settings = {ATTRIBUTES = (CodeSignOnCopy, RemoveHeadersOnCopy, ); }; };
		8573D3112B74091B003A2C36 /* NSCacheRepository.swift in Sources */ = {isa = PBXBuildFile; fileRef = 8573D3102B74091B003A2C36 /* NSCacheRepository.swift */; };
		8573D3672B74130E003A2C36 /* Domain.framework in Frameworks */ = {isa = PBXBuildFile; fileRef = 85D685302B73B56100BBD7F3 /* Domain.framework */; };
		8573D3682B74130E003A2C36 /* Domain.framework in Embed Frameworks */ = {isa = PBXBuildFile; fileRef = 85D685302B73B56100BBD7F3 /* Domain.framework */; settings = {ATTRIBUTES = (CodeSignOnCopy, RemoveHeadersOnCopy, ); }; };
		8573D36C2B741312003A2C36 /* Data.framework in Frameworks */ = {isa = PBXBuildFile; fileRef = 85D6854E2B73B88000BBD7F3 /* Data.framework */; };
		8573D36D2B741312003A2C36 /* Data.framework in Embed Frameworks */ = {isa = PBXBuildFile; fileRef = 85D6854E2B73B88000BBD7F3 /* Data.framework */; settings = {ATTRIBUTES = (CodeSignOnCopy, RemoveHeadersOnCopy, ); }; };
		8573D3702B741315003A2C36 /* Infrastructure.framework in Frameworks */ = {isa = PBXBuildFile; fileRef = 85D685842B73CDB700BBD7F3 /* Infrastructure.framework */; };
		8573D3712B741315003A2C36 /* Infrastructure.framework in Embed Frameworks */ = {isa = PBXBuildFile; fileRef = 85D685842B73CDB700BBD7F3 /* Infrastructure.framework */; settings = {ATTRIBUTES = (CodeSignOnCopy, RemoveHeadersOnCopy, ); }; };
		8573D37F2B74509A003A2C36 /* UseCreditRepository.swift in Sources */ = {isa = PBXBuildFile; fileRef = 8573D37C2B74509A003A2C36 /* UseCreditRepository.swift */; };
		8573D38E2B745413003A2C36 /* UserCredit.swift in Sources */ = {isa = PBXBuildFile; fileRef = 8573D38C2B745413003A2C36 /* UserCredit.swift */; };
		8573D3912B7455EE003A2C36 /* KeychainUserCreditRepository.swift in Sources */ = {isa = PBXBuildFile; fileRef = 8573D3852B74537E003A2C36 /* KeychainUserCreditRepository.swift */; };
		8574514E2B7F184E00517B66 /* SearchButton.swift in Sources */ = {isa = PBXBuildFile; fileRef = 8574514D2B7F184E00517B66 /* SearchButton.swift */; };
		85C311BA2B930554001909B4 /* ScaleButtonStyle.swift in Sources */ = {isa = PBXBuildFile; fileRef = 85C311B92B930554001909B4 /* ScaleButtonStyle.swift */; };
		85C311BC2B930567001909B4 /* PlayButton.swift in Sources */ = {isa = PBXBuildFile; fileRef = 85C311BB2B930567001909B4 /* PlayButton.swift */; };
		85C311C02B9417D8001909B4 /* SubscriptionView.swift in Sources */ = {isa = PBXBuildFile; fileRef = 85C311BF2B9417D8001909B4 /* SubscriptionView.swift */; };
		85C311C22B942184001909B4 /* SubscriptionFooter.swift in Sources */ = {isa = PBXBuildFile; fileRef = 85C311C12B942184001909B4 /* SubscriptionFooter.swift */; };
		85D685332B73B56100BBD7F3 /* Domain.h in Headers */ = {isa = PBXBuildFile; fileRef = 85D685322B73B56100BBD7F3 /* Domain.h */; settings = {ATTRIBUTES = (Public, ); }; };
		85D6853B2B73B59900BBD7F3 /* WordDefinition.swift in Sources */ = {isa = PBXBuildFile; fileRef = 85D6853A2B73B59900BBD7F3 /* WordDefinition.swift */; };
		85D6853D2B73B6C700BBD7F3 /* Phonetic.swift in Sources */ = {isa = PBXBuildFile; fileRef = 85D6853C2B73B6C700BBD7F3 /* Phonetic.swift */; };
		85D6853F2B73B6E200BBD7F3 /* Meaning.swift in Sources */ = {isa = PBXBuildFile; fileRef = 85D6853E2B73B6E200BBD7F3 /* Meaning.swift */; };
		85D685412B73B70100BBD7F3 /* Definition.swift in Sources */ = {isa = PBXBuildFile; fileRef = 85D685402B73B70100BBD7F3 /* Definition.swift */; };
		85D685442B73B76D00BBD7F3 /* GetWordDefinitionsDTO.swift in Sources */ = {isa = PBXBuildFile; fileRef = 85D685432B73B76D00BBD7F3 /* GetWordDefinitionsDTO.swift */; };
		85D685462B73B7CC00BBD7F3 /* GetWordDefinitionError.swift in Sources */ = {isa = PBXBuildFile; fileRef = 85D685452B73B7CC00BBD7F3 /* GetWordDefinitionError.swift */; };
		85D685482B73B83E00BBD7F3 /* GetWordDefinitionUseCase.swift in Sources */ = {isa = PBXBuildFile; fileRef = 85D685472B73B83E00BBD7F3 /* GetWordDefinitionUseCase.swift */; };
		85D685562B73B88000BBD7F3 /* Data.framework in Frameworks */ = {isa = PBXBuildFile; fileRef = 85D6854E2B73B88000BBD7F3 /* Data.framework */; };
		85D6855C2B73B88000BBD7F3 /* Data.h in Headers */ = {isa = PBXBuildFile; fileRef = 85D685502B73B88000BBD7F3 /* Data.h */; settings = {ATTRIBUTES = (Public, ); }; };
		85D685632B73B89000BBD7F3 /* Domain.framework in Frameworks */ = {isa = PBXBuildFile; fileRef = 85D685302B73B56100BBD7F3 /* Domain.framework */; };
		85D685642B73B89000BBD7F3 /* Domain.framework in Embed Frameworks */ = {isa = PBXBuildFile; fileRef = 85D685302B73B56100BBD7F3 /* Domain.framework */; settings = {ATTRIBUTES = (CodeSignOnCopy, RemoveHeadersOnCopy, ); }; };
		85D6856A2B73B93700BBD7F3 /* GetWordDefinitionsRemote.swift in Sources */ = {isa = PBXBuildFile; fileRef = 85D685692B73B93700BBD7F3 /* GetWordDefinitionsRemote.swift */; };
		85D685742B73BB0A00BBD7F3 /* HttpClient.swift in Sources */ = {isa = PBXBuildFile; fileRef = 85D685732B73BB0A00BBD7F3 /* HttpClient.swift */; };
		85D685762B73BC3600BBD7F3 /* HttpError.swift in Sources */ = {isa = PBXBuildFile; fileRef = 85D685752B73BC3600BBD7F3 /* HttpError.swift */; };
		85D685792B73BC8600BBD7F3 /* GetWordDefinitionsRemoteTests.swift in Sources */ = {isa = PBXBuildFile; fileRef = 85D685782B73BC8600BBD7F3 /* GetWordDefinitionsRemoteTests.swift */; };
		85D6857C2B73BF1400BBD7F3 /* HttpClientMock.swift in Sources */ = {isa = PBXBuildFile; fileRef = 85D6857B2B73BF1400BBD7F3 /* HttpClientMock.swift */; };
		85D6857E2B73BF3E00BBD7F3 /* ModelMocks.swift in Sources */ = {isa = PBXBuildFile; fileRef = 85D6857D2B73BF3E00BBD7F3 /* ModelMocks.swift */; };
		85D6858C2B73CDB700BBD7F3 /* Infrastructure.framework in Frameworks */ = {isa = PBXBuildFile; fileRef = 85D685842B73CDB700BBD7F3 /* Infrastructure.framework */; };
		85D685912B73CDB700BBD7F3 /* InfrastructureTests.swift in Sources */ = {isa = PBXBuildFile; fileRef = 85D685902B73CDB700BBD7F3 /* InfrastructureTests.swift */; };
		85EC02852B6DCF3A003B0206 /* DictionMasterApp.swift in Sources */ = {isa = PBXBuildFile; fileRef = 85EC02842B6DCF3A003B0206 /* DictionMasterApp.swift */; };
		85EC02872B6DCF3A003B0206 /* ContentView.swift in Sources */ = {isa = PBXBuildFile; fileRef = 85EC02862B6DCF3A003B0206 /* ContentView.swift */; };
		85EC02892B6DCF3C003B0206 /* Assets.xcassets in Resources */ = {isa = PBXBuildFile; fileRef = 85EC02882B6DCF3C003B0206 /* Assets.xcassets */; };
		85EC028C2B6DCF3C003B0206 /* Preview Assets.xcassets in Resources */ = {isa = PBXBuildFile; fileRef = 85EC028B2B6DCF3C003B0206 /* Preview Assets.xcassets */; };
		85EC02962B6DCF3C003B0206 /* DictionMasterTests.swift in Sources */ = {isa = PBXBuildFile; fileRef = 85EC02952B6DCF3C003B0206 /* DictionMasterTests.swift */; };
		85EC02A02B6DCF3C003B0206 /* DictionMasterUITests.swift in Sources */ = {isa = PBXBuildFile; fileRef = 85EC029F2B6DCF3C003B0206 /* DictionMasterUITests.swift */; };
		85EC02A22B6DCF3C003B0206 /* DictionMasterUITestsLaunchTests.swift in Sources */ = {isa = PBXBuildFile; fileRef = 85EC02A12B6DCF3C003B0206 /* DictionMasterUITestsLaunchTests.swift */; };
/* End PBXBuildFile section */

/* Begin PBXContainerItemProxy section */
		8573D30D2B74079D003A2C36 /* PBXContainerItemProxy */ = {
			isa = PBXContainerItemProxy;
			containerPortal = 85EC02792B6DCF3A003B0206 /* Project object */;
			proxyType = 1;
			remoteGlobalIDString = 85D6854D2B73B88000BBD7F3;
			remoteInfo = Data;
		};
		8573D3692B74130E003A2C36 /* PBXContainerItemProxy */ = {
			isa = PBXContainerItemProxy;
			containerPortal = 85EC02792B6DCF3A003B0206 /* Project object */;
			proxyType = 1;
			remoteGlobalIDString = 85D6852F2B73B56100BBD7F3;
			remoteInfo = Domain;
		};
		8573D36E2B741312003A2C36 /* PBXContainerItemProxy */ = {
			isa = PBXContainerItemProxy;
			containerPortal = 85EC02792B6DCF3A003B0206 /* Project object */;
			proxyType = 1;
			remoteGlobalIDString = 85D6854D2B73B88000BBD7F3;
			remoteInfo = Data;
		};
		8573D3722B741315003A2C36 /* PBXContainerItemProxy */ = {
			isa = PBXContainerItemProxy;
			containerPortal = 85EC02792B6DCF3A003B0206 /* Project object */;
			proxyType = 1;
			remoteGlobalIDString = 85D685832B73CDB700BBD7F3;
			remoteInfo = Infrastructure;
		};
		85D685572B73B88000BBD7F3 /* PBXContainerItemProxy */ = {
			isa = PBXContainerItemProxy;
			containerPortal = 85EC02792B6DCF3A003B0206 /* Project object */;
			proxyType = 1;
			remoteGlobalIDString = 85D6854D2B73B88000BBD7F3;
			remoteInfo = Data;
		};
		85D685652B73B89000BBD7F3 /* PBXContainerItemProxy */ = {
			isa = PBXContainerItemProxy;
			containerPortal = 85EC02792B6DCF3A003B0206 /* Project object */;
			proxyType = 1;
			remoteGlobalIDString = 85D6852F2B73B56100BBD7F3;
			remoteInfo = Domain;
		};
		85D6858D2B73CDB700BBD7F3 /* PBXContainerItemProxy */ = {
			isa = PBXContainerItemProxy;
			containerPortal = 85EC02792B6DCF3A003B0206 /* Project object */;
			proxyType = 1;
			remoteGlobalIDString = 85D685832B73CDB700BBD7F3;
			remoteInfo = Infrastructure;
		};
		85EC02922B6DCF3C003B0206 /* PBXContainerItemProxy */ = {
			isa = PBXContainerItemProxy;
			containerPortal = 85EC02792B6DCF3A003B0206 /* Project object */;
			proxyType = 1;
			remoteGlobalIDString = 85EC02802B6DCF3A003B0206;
			remoteInfo = DictionMaster;
		};
		85EC029C2B6DCF3C003B0206 /* PBXContainerItemProxy */ = {
			isa = PBXContainerItemProxy;
			containerPortal = 85EC02792B6DCF3A003B0206 /* Project object */;
			proxyType = 1;
			remoteGlobalIDString = 85EC02802B6DCF3A003B0206;
			remoteInfo = DictionMaster;
		};
/* End PBXContainerItemProxy section */

/* Begin PBXCopyFilesBuildPhase section */
		8573D30F2B74079D003A2C36 /* Embed Frameworks */ = {
			isa = PBXCopyFilesBuildPhase;
			buildActionMask = 2147483647;
			dstPath = "";
			dstSubfolderSpec = 10;
			files = (
				8573D30C2B74079D003A2C36 /* Data.framework in Embed Frameworks */,
			);
			name = "Embed Frameworks";
			runOnlyForDeploymentPostprocessing = 0;
		};
		8573D36B2B74130E003A2C36 /* Embed Frameworks */ = {
			isa = PBXCopyFilesBuildPhase;
			buildActionMask = 2147483647;
			dstPath = "";
			dstSubfolderSpec = 10;
			files = (
				8573D3712B741315003A2C36 /* Infrastructure.framework in Embed Frameworks */,
				8573D36D2B741312003A2C36 /* Data.framework in Embed Frameworks */,
				8573D3682B74130E003A2C36 /* Domain.framework in Embed Frameworks */,
			);
			name = "Embed Frameworks";
			runOnlyForDeploymentPostprocessing = 0;
		};
		85D685672B73B89000BBD7F3 /* Embed Frameworks */ = {
			isa = PBXCopyFilesBuildPhase;
			buildActionMask = 2147483647;
			dstPath = "";
			dstSubfolderSpec = 10;
			files = (
				85D685642B73B89000BBD7F3 /* Domain.framework in Embed Frameworks */,
			);
			name = "Embed Frameworks";
			runOnlyForDeploymentPostprocessing = 0;
		};
/* End PBXCopyFilesBuildPhase section */

/* Begin PBXFileReference section */
		8503DB7E2B709304005C91B9 /* SearchView.swift */ = {isa = PBXFileReference; lastKnownFileType = sourcecode.swift; path = SearchView.swift; sourceTree = "<group>"; };
		8503DB822B70932D005C91B9 /* SearchViewModel.swift */ = {isa = PBXFileReference; lastKnownFileType = sourcecode.swift; path = SearchViewModel.swift; sourceTree = "<group>"; };
		8503DB852B709573005C91B9 /* FlagView.swift */ = {isa = PBXFileReference; lastKnownFileType = sourcecode.swift; path = FlagView.swift; sourceTree = "<group>"; };
		8503DB892B709F76005C91B9 /* InputWord.swift */ = {isa = PBXFileReference; lastKnownFileType = sourcecode.swift; path = InputWord.swift; sourceTree = "<group>"; };
		8503DB8D2B70ADBD005C91B9 /* UIScreen+.swift */ = {isa = PBXFileReference; lastKnownFileType = sourcecode.swift; path = "UIScreen+.swift"; sourceTree = "<group>"; };
		8503DB912B70B053005C91B9 /* PrimaryButtonStyle.swift */ = {isa = PBXFileReference; lastKnownFileType = sourcecode.swift; path = PrimaryButtonStyle.swift; sourceTree = "<group>"; };
		8503DB9E2B7120CA005C91B9 /* ResultView.swift */ = {isa = PBXFileReference; lastKnownFileType = sourcecode.swift; path = ResultView.swift; sourceTree = "<group>"; };
		8503DBA12B7124EA005C91B9 /* ResultHeaderView.swift */ = {isa = PBXFileReference; lastKnownFileType = sourcecode.swift; path = ResultHeaderView.swift; sourceTree = "<group>"; };
		85300B362B718FE100471E09 /* SubscriptionHeader.swift */ = {isa = PBXFileReference; lastKnownFileType = sourcecode.swift; path = SubscriptionHeader.swift; sourceTree = "<group>"; };
		85300B382B71A08B00471E09 /* SubscriptionBody.swift */ = {isa = PBXFileReference; lastKnownFileType = sourcecode.swift; path = SubscriptionBody.swift; sourceTree = "<group>"; };
		853A25712B71502400B31AA9 /* WordDefinitionsList.swift */ = {isa = PBXFileReference; lastKnownFileType = sourcecode.swift; path = WordDefinitionsList.swift; sourceTree = "<group>"; };
		85440F742B75ADD500229D49 /* SearchViewModelTests.swift */ = {isa = PBXFileReference; lastKnownFileType = sourcecode.swift; path = SearchViewModelTests.swift; sourceTree = "<group>"; };
		85440F782B75D60D00229D49 /* SubscriptionViewModel.swift */ = {isa = PBXFileReference; lastKnownFileType = sourcecode.swift; path = SubscriptionViewModel.swift; sourceTree = "<group>"; };
		85440F7A2B75D68900229D49 /* ResetUserCreditUseCase.swift */ = {isa = PBXFileReference; lastKnownFileType = sourcecode.swift; path = ResetUserCreditUseCase.swift; sourceTree = "<group>"; };
		85440F7C2B75D6CA00229D49 /* ResetUserCreditLocal.swift */ = {isa = PBXFileReference; lastKnownFileType = sourcecode.swift; path = ResetUserCreditLocal.swift; sourceTree = "<group>"; };
		855F86152B753EEB0038950F /* AppFactory.swift */ = {isa = PBXFileReference; lastKnownFileType = sourcecode.swift; path = AppFactory.swift; sourceTree = "<group>"; };
		855F86172B75415E0038950F /* ResultBottomView.swift */ = {isa = PBXFileReference; lastKnownFileType = sourcecode.swift; path = ResultBottomView.swift; sourceTree = "<group>"; };
		855F86192B7563620038950F /* View+.swift */ = {isa = PBXFileReference; lastKnownFileType = sourcecode.swift; path = "View+.swift"; sourceTree = "<group>"; };
		855F86202B756E580038950F /* LaunchScreen.storyboard */ = {isa = PBXFileReference; lastKnownFileType = file.storyboard; path = LaunchScreen.storyboard; sourceTree = "<group>"; };
		855F86222B7574280038950F /* ResultWordDefinition.swift */ = {isa = PBXFileReference; lastKnownFileType = sourcecode.swift; path = ResultWordDefinition.swift; sourceTree = "<group>"; };
		855F86242B7577400038950F /* ResultViewModel.swift */ = {isa = PBXFileReference; lastKnownFileType = sourcecode.swift; path = ResultViewModel.swift; sourceTree = "<group>"; };
		855F86262B75854A0038950F /* CacheRepositoryMock.swift */ = {isa = PBXFileReference; lastKnownFileType = sourcecode.swift; path = CacheRepositoryMock.swift; sourceTree = "<group>"; };
		855F86282B7585B90038950F /* UserCreditRepositoryMock.swift */ = {isa = PBXFileReference; lastKnownFileType = sourcecode.swift; path = UserCreditRepositoryMock.swift; sourceTree = "<group>"; };
		8573D3012B740127003A2C36 /* CacheRepository.swift */ = {isa = PBXFileReference; lastKnownFileType = sourcecode.swift; path = CacheRepository.swift; sourceTree = "<group>"; };
		8573D3092B74077E003A2C36 /* URLSessionHttpClient.swift */ = {isa = PBXFileReference; lastKnownFileType = sourcecode.swift; path = URLSessionHttpClient.swift; sourceTree = "<group>"; };
		8573D3102B74091B003A2C36 /* NSCacheRepository.swift */ = {isa = PBXFileReference; lastKnownFileType = sourcecode.swift; path = NSCacheRepository.swift; sourceTree = "<group>"; };
		8573D3232B740EB5003A2C36 /* Info.plist */ = {isa = PBXFileReference; lastKnownFileType = text.plist; path = Info.plist; sourceTree = "<group>"; };
		8573D37C2B74509A003A2C36 /* UseCreditRepository.swift */ = {isa = PBXFileReference; lastKnownFileType = sourcecode.swift; path = UseCreditRepository.swift; sourceTree = "<group>"; };
		8573D3852B74537E003A2C36 /* KeychainUserCreditRepository.swift */ = {isa = PBXFileReference; lastKnownFileType = sourcecode.swift; path = KeychainUserCreditRepository.swift; sourceTree = "<group>"; };
		8573D38C2B745413003A2C36 /* UserCredit.swift */ = {isa = PBXFileReference; lastKnownFileType = sourcecode.swift; path = UserCredit.swift; sourceTree = "<group>"; };
		8574514D2B7F184E00517B66 /* SearchButton.swift */ = {isa = PBXFileReference; lastKnownFileType = sourcecode.swift; path = SearchButton.swift; sourceTree = "<group>"; };
		85C311B92B930554001909B4 /* ScaleButtonStyle.swift */ = {isa = PBXFileReference; lastKnownFileType = sourcecode.swift; path = ScaleButtonStyle.swift; sourceTree = "<group>"; };
		85C311BB2B930567001909B4 /* PlayButton.swift */ = {isa = PBXFileReference; lastKnownFileType = sourcecode.swift; path = PlayButton.swift; sourceTree = "<group>"; };
		85C311BF2B9417D8001909B4 /* SubscriptionView.swift */ = {isa = PBXFileReference; lastKnownFileType = sourcecode.swift; path = SubscriptionView.swift; sourceTree = "<group>"; };
		85C311C12B942184001909B4 /* SubscriptionFooter.swift */ = {isa = PBXFileReference; lastKnownFileType = sourcecode.swift; path = SubscriptionFooter.swift; sourceTree = "<group>"; };
		85D685302B73B56100BBD7F3 /* Domain.framework */ = {isa = PBXFileReference; explicitFileType = wrapper.framework; includeInIndex = 0; path = Domain.framework; sourceTree = BUILT_PRODUCTS_DIR; };
		85D685322B73B56100BBD7F3 /* Domain.h */ = {isa = PBXFileReference; lastKnownFileType = sourcecode.c.h; path = Domain.h; sourceTree = "<group>"; };
		85D6853A2B73B59900BBD7F3 /* WordDefinition.swift */ = {isa = PBXFileReference; lastKnownFileType = sourcecode.swift; name = WordDefinition.swift; path = Domain/Models/WordDefinition/WordDefinition.swift; sourceTree = SOURCE_ROOT; };
		85D6853C2B73B6C700BBD7F3 /* Phonetic.swift */ = {isa = PBXFileReference; lastKnownFileType = sourcecode.swift; path = Phonetic.swift; sourceTree = "<group>"; };
		85D6853E2B73B6E200BBD7F3 /* Meaning.swift */ = {isa = PBXFileReference; lastKnownFileType = sourcecode.swift; path = Meaning.swift; sourceTree = "<group>"; };
		85D685402B73B70100BBD7F3 /* Definition.swift */ = {isa = PBXFileReference; lastKnownFileType = sourcecode.swift; path = Definition.swift; sourceTree = "<group>"; };
		85D685432B73B76D00BBD7F3 /* GetWordDefinitionsDTO.swift */ = {isa = PBXFileReference; lastKnownFileType = sourcecode.swift; path = GetWordDefinitionsDTO.swift; sourceTree = "<group>"; };
		85D685452B73B7CC00BBD7F3 /* GetWordDefinitionError.swift */ = {isa = PBXFileReference; lastKnownFileType = sourcecode.swift; path = GetWordDefinitionError.swift; sourceTree = "<group>"; };
		85D685472B73B83E00BBD7F3 /* GetWordDefinitionUseCase.swift */ = {isa = PBXFileReference; lastKnownFileType = sourcecode.swift; path = GetWordDefinitionUseCase.swift; sourceTree = "<group>"; };
		85D6854E2B73B88000BBD7F3 /* Data.framework */ = {isa = PBXFileReference; explicitFileType = wrapper.framework; includeInIndex = 0; path = Data.framework; sourceTree = BUILT_PRODUCTS_DIR; };
		85D685502B73B88000BBD7F3 /* Data.h */ = {isa = PBXFileReference; lastKnownFileType = sourcecode.c.h; path = Data.h; sourceTree = "<group>"; };
		85D685552B73B88000BBD7F3 /* DataTests.xctest */ = {isa = PBXFileReference; explicitFileType = wrapper.cfbundle; includeInIndex = 0; path = DataTests.xctest; sourceTree = BUILT_PRODUCTS_DIR; };
		85D685692B73B93700BBD7F3 /* GetWordDefinitionsRemote.swift */ = {isa = PBXFileReference; lastKnownFileType = sourcecode.swift; path = GetWordDefinitionsRemote.swift; sourceTree = "<group>"; };
		85D685732B73BB0A00BBD7F3 /* HttpClient.swift */ = {isa = PBXFileReference; lastKnownFileType = sourcecode.swift; path = HttpClient.swift; sourceTree = "<group>"; };
		85D685752B73BC3600BBD7F3 /* HttpError.swift */ = {isa = PBXFileReference; lastKnownFileType = sourcecode.swift; path = HttpError.swift; sourceTree = "<group>"; };
		85D685782B73BC8600BBD7F3 /* GetWordDefinitionsRemoteTests.swift */ = {isa = PBXFileReference; lastKnownFileType = sourcecode.swift; path = GetWordDefinitionsRemoteTests.swift; sourceTree = "<group>"; };
		85D6857B2B73BF1400BBD7F3 /* HttpClientMock.swift */ = {isa = PBXFileReference; lastKnownFileType = sourcecode.swift; path = HttpClientMock.swift; sourceTree = "<group>"; };
		85D6857D2B73BF3E00BBD7F3 /* ModelMocks.swift */ = {isa = PBXFileReference; lastKnownFileType = sourcecode.swift; path = ModelMocks.swift; sourceTree = "<group>"; };
		85D685842B73CDB700BBD7F3 /* Infrastructure.framework */ = {isa = PBXFileReference; explicitFileType = wrapper.framework; includeInIndex = 0; path = Infrastructure.framework; sourceTree = BUILT_PRODUCTS_DIR; };
		85D6858B2B73CDB700BBD7F3 /* InfrastructureTests.xctest */ = {isa = PBXFileReference; explicitFileType = wrapper.cfbundle; includeInIndex = 0; path = InfrastructureTests.xctest; sourceTree = BUILT_PRODUCTS_DIR; };
		85D685902B73CDB700BBD7F3 /* InfrastructureTests.swift */ = {isa = PBXFileReference; lastKnownFileType = sourcecode.swift; path = InfrastructureTests.swift; sourceTree = "<group>"; };
		85EC02812B6DCF3A003B0206 /* DictionMaster.app */ = {isa = PBXFileReference; explicitFileType = wrapper.application; includeInIndex = 0; path = DictionMaster.app; sourceTree = BUILT_PRODUCTS_DIR; };
		85EC02842B6DCF3A003B0206 /* DictionMasterApp.swift */ = {isa = PBXFileReference; lastKnownFileType = sourcecode.swift; path = DictionMasterApp.swift; sourceTree = "<group>"; };
		85EC02862B6DCF3A003B0206 /* ContentView.swift */ = {isa = PBXFileReference; lastKnownFileType = sourcecode.swift; path = ContentView.swift; sourceTree = "<group>"; };
		85EC02882B6DCF3C003B0206 /* Assets.xcassets */ = {isa = PBXFileReference; lastKnownFileType = folder.assetcatalog; path = Assets.xcassets; sourceTree = "<group>"; };
		85EC028B2B6DCF3C003B0206 /* Preview Assets.xcassets */ = {isa = PBXFileReference; lastKnownFileType = folder.assetcatalog; path = "Preview Assets.xcassets"; sourceTree = "<group>"; };
		85EC02912B6DCF3C003B0206 /* DictionMasterTests.xctest */ = {isa = PBXFileReference; explicitFileType = wrapper.cfbundle; includeInIndex = 0; path = DictionMasterTests.xctest; sourceTree = BUILT_PRODUCTS_DIR; };
		85EC02952B6DCF3C003B0206 /* DictionMasterTests.swift */ = {isa = PBXFileReference; lastKnownFileType = sourcecode.swift; path = DictionMasterTests.swift; sourceTree = "<group>"; };
		85EC029B2B6DCF3C003B0206 /* DictionMasterUITests.xctest */ = {isa = PBXFileReference; explicitFileType = wrapper.cfbundle; includeInIndex = 0; path = DictionMasterUITests.xctest; sourceTree = BUILT_PRODUCTS_DIR; };
		85EC029F2B6DCF3C003B0206 /* DictionMasterUITests.swift */ = {isa = PBXFileReference; lastKnownFileType = sourcecode.swift; path = DictionMasterUITests.swift; sourceTree = "<group>"; };
		85EC02A12B6DCF3C003B0206 /* DictionMasterUITestsLaunchTests.swift */ = {isa = PBXFileReference; lastKnownFileType = sourcecode.swift; path = DictionMasterUITestsLaunchTests.swift; sourceTree = "<group>"; };
/* End PBXFileReference section */

/* Begin PBXFrameworksBuildPhase section */
		85D6852D2B73B56100BBD7F3 /* Frameworks */ = {
			isa = PBXFrameworksBuildPhase;
			buildActionMask = 2147483647;
			files = (
			);
			runOnlyForDeploymentPostprocessing = 0;
		};
		85D6854B2B73B88000BBD7F3 /* Frameworks */ = {
			isa = PBXFrameworksBuildPhase;
			buildActionMask = 2147483647;
			files = (
				85D685632B73B89000BBD7F3 /* Domain.framework in Frameworks */,
			);
			runOnlyForDeploymentPostprocessing = 0;
		};
		85D685522B73B88000BBD7F3 /* Frameworks */ = {
			isa = PBXFrameworksBuildPhase;
			buildActionMask = 2147483647;
			files = (
				85D685562B73B88000BBD7F3 /* Data.framework in Frameworks */,
			);
			runOnlyForDeploymentPostprocessing = 0;
		};
		85D685812B73CDB700BBD7F3 /* Frameworks */ = {
			isa = PBXFrameworksBuildPhase;
			buildActionMask = 2147483647;
			files = (
				8573D30B2B74079D003A2C36 /* Data.framework in Frameworks */,
			);
			runOnlyForDeploymentPostprocessing = 0;
		};
		85D685882B73CDB700BBD7F3 /* Frameworks */ = {
			isa = PBXFrameworksBuildPhase;
			buildActionMask = 2147483647;
			files = (
				85D6858C2B73CDB700BBD7F3 /* Infrastructure.framework in Frameworks */,
			);
			runOnlyForDeploymentPostprocessing = 0;
		};
		85EC027E2B6DCF3A003B0206 /* Frameworks */ = {
			isa = PBXFrameworksBuildPhase;
			buildActionMask = 2147483647;
			files = (
				8573D3702B741315003A2C36 /* Infrastructure.framework in Frameworks */,
				8573D36C2B741312003A2C36 /* Data.framework in Frameworks */,
				8573D3672B74130E003A2C36 /* Domain.framework in Frameworks */,
			);
			runOnlyForDeploymentPostprocessing = 0;
		};
		85EC028E2B6DCF3C003B0206 /* Frameworks */ = {
			isa = PBXFrameworksBuildPhase;
			buildActionMask = 2147483647;
			files = (
			);
			runOnlyForDeploymentPostprocessing = 0;
		};
		85EC02982B6DCF3C003B0206 /* Frameworks */ = {
			isa = PBXFrameworksBuildPhase;
			buildActionMask = 2147483647;
			files = (
			);
			runOnlyForDeploymentPostprocessing = 0;
		};
/* End PBXFrameworksBuildPhase section */

/* Begin PBXGroup section */
		8503DB7A2B7092AA005C91B9 /* Presentation */ = {
			isa = PBXGroup;
			children = (
				855F861B2B7566F60038950F /* LaunchScreen */,
				8503DB7D2B7092F7005C91B9 /* Subscription */,
				8503DB7C2B7092E7005C91B9 /* Result */,
				8503DB7B2B7092DB005C91B9 /* Search */,
			);
			path = Presentation;
			sourceTree = "<group>";
		};
		8503DB7B2B7092DB005C91B9 /* Search */ = {
			isa = PBXGroup;
			children = (
				8503DB842B70955B005C91B9 /* Components */,
				8503DB7E2B709304005C91B9 /* SearchView.swift */,
				8503DB822B70932D005C91B9 /* SearchViewModel.swift */,
			);
			path = Search;
			sourceTree = "<group>";
		};
		8503DB7C2B7092E7005C91B9 /* Result */ = {
			isa = PBXGroup;
			children = (
				8503DBA02B7124C5005C91B9 /* Components */,
				8503DB9E2B7120CA005C91B9 /* ResultView.swift */,
				855F86242B7577400038950F /* ResultViewModel.swift */,
			);
			path = Result;
			sourceTree = "<group>";
		};
		8503DB7D2B7092F7005C91B9 /* Subscription */ = {
			isa = PBXGroup;
			children = (
				85300B352B718FCB00471E09 /* Components */,
				85440F782B75D60D00229D49 /* SubscriptionViewModel.swift */,
				85C311BF2B9417D8001909B4 /* SubscriptionView.swift */,
			);
			path = Subscription;
			sourceTree = "<group>";
		};
		8503DB842B70955B005C91B9 /* Components */ = {
			isa = PBXGroup;
			children = (
				8503DB852B709573005C91B9 /* FlagView.swift */,
				8503DB892B709F76005C91B9 /* InputWord.swift */,
				8574514D2B7F184E00517B66 /* SearchButton.swift */,
			);
			path = Components;
			sourceTree = "<group>";
		};
		8503DB8B2B70ADAB005C91B9 /* Utils */ = {
			isa = PBXGroup;
			children = (
				8503DB8C2B70ADB0005C91B9 /* Extensions */,
			);
			path = Utils;
			sourceTree = "<group>";
		};
		8503DB8C2B70ADB0005C91B9 /* Extensions */ = {
			isa = PBXGroup;
			children = (
				8503DB8D2B70ADBD005C91B9 /* UIScreen+.swift */,
				855F86192B7563620038950F /* View+.swift */,
			);
			path = Extensions;
			sourceTree = "<group>";
		};
		8503DB8F2B70B035005C91B9 /* Resources */ = {
			isa = PBXGroup;
			children = (
				85EC02882B6DCF3C003B0206 /* Assets.xcassets */,
				8503DB902B70B03E005C91B9 /* ButtonStyles */,
			);
			path = Resources;
			sourceTree = "<group>";
		};
		8503DB902B70B03E005C91B9 /* ButtonStyles */ = {
			isa = PBXGroup;
			children = (
				8503DB912B70B053005C91B9 /* PrimaryButtonStyle.swift */,
				85C311B92B930554001909B4 /* ScaleButtonStyle.swift */,
				85C311BB2B930567001909B4 /* PlayButton.swift */,
			);
			path = ButtonStyles;
			sourceTree = "<group>";
		};
		8503DBA02B7124C5005C91B9 /* Components */ = {
			isa = PBXGroup;
			children = (
				8503DBA12B7124EA005C91B9 /* ResultHeaderView.swift */,
				853A25712B71502400B31AA9 /* WordDefinitionsList.swift */,
				855F86172B75415E0038950F /* ResultBottomView.swift */,
			);
			path = Components;
			sourceTree = "<group>";
		};
		85300B352B718FCB00471E09 /* Components */ = {
			isa = PBXGroup;
			children = (
				85C311C12B942184001909B4 /* SubscriptionFooter.swift */,
				85300B362B718FE100471E09 /* SubscriptionHeader.swift */,
				85300B382B71A08B00471E09 /* SubscriptionBody.swift */,
			);
			path = Components;
			sourceTree = "<group>";
		};
		85440F712B75AC9F00229D49 /* Purchase */ = {
			isa = PBXGroup;
			children = (
			);
			path = Purchase;
			sourceTree = "<group>";
		};
		85440F722B75ACA600229D49 /* Result */ = {
			isa = PBXGroup;
			children = (
			);
			path = Result;
			sourceTree = "<group>";
		};
		85440F732B75ACAC00229D49 /* Search */ = {
			isa = PBXGroup;
			children = (
				85440F742B75ADD500229D49 /* SearchViewModelTests.swift */,
			);
			path = Search;
			sourceTree = "<group>";
		};
		855F86132B7526140038950F /* Main */ = {
			isa = PBXGroup;
			children = (
				855F86142B753ED70038950F /* Factories */,
				85EC02862B6DCF3A003B0206 /* ContentView.swift */,
				85EC02842B6DCF3A003B0206 /* DictionMasterApp.swift */,
			);
			path = Main;
			sourceTree = "<group>";
		};
		855F86142B753ED70038950F /* Factories */ = {
			isa = PBXGroup;
			children = (
				855F86152B753EEB0038950F /* AppFactory.swift */,
			);
			path = Factories;
			sourceTree = "<group>";
		};
		855F861B2B7566F60038950F /* LaunchScreen */ = {
			isa = PBXGroup;
			children = (
				855F86202B756E580038950F /* LaunchScreen.storyboard */,
			);
			path = LaunchScreen;
			sourceTree = "<group>";
		};
		8573D37A2B744F5A003A2C36 /* Http */ = {
			isa = PBXGroup;
			children = (
				85D685752B73BC3600BBD7F3 /* HttpError.swift */,
				85D685732B73BB0A00BBD7F3 /* HttpClient.swift */,
			);
			path = Http;
			sourceTree = "<group>";
		};
		8573D3822B745144003A2C36 /* WordDefinition */ = {
			isa = PBXGroup;
			children = (
				85D6853A2B73B59900BBD7F3 /* WordDefinition.swift */,
				85D6853C2B73B6C700BBD7F3 /* Phonetic.swift */,
				85D6853E2B73B6E200BBD7F3 /* Meaning.swift */,
				85D685402B73B70100BBD7F3 /* Definition.swift */,
				855F86222B7574280038950F /* ResultWordDefinition.swift */,
			);
			path = WordDefinition;
			sourceTree = "<group>";
		};
		8573D3832B745153003A2C36 /* UserCredit */ = {
			isa = PBXGroup;
			children = (
				8573D38C2B745413003A2C36 /* UserCredit.swift */,
			);
			path = UserCredit;
			sourceTree = "<group>";
		};
		8573D3842B745363003A2C36 /* Repositories */ = {
			isa = PBXGroup;
			children = (
				8573D3852B74537E003A2C36 /* KeychainUserCreditRepository.swift */,
				8573D3102B74091B003A2C36 /* NSCacheRepository.swift */,
			);
			path = Repositories;
			sourceTree = "<group>";
		};
		8593CF5F2B6DE7DD00613B07 /* Frameworks */ = {
			isa = PBXGroup;
			children = (
			);
			name = Frameworks;
			sourceTree = "<group>";
		};
		85D685312B73B56100BBD7F3 /* Domain */ = {
			isa = PBXGroup;
			children = (
				85D685422B73B75D00BBD7F3 /* DTOs */,
				85D685392B73B58100BBD7F3 /* Errors */,
				85D685382B73B57C00BBD7F3 /* UseCases */,
				85D685372B73B57300BBD7F3 /* Models */,
				85D685322B73B56100BBD7F3 /* Domain.h */,
			);
			path = Domain;
			sourceTree = "<group>";
		};
		85D685372B73B57300BBD7F3 /* Models */ = {
			isa = PBXGroup;
			children = (
				8573D3832B745153003A2C36 /* UserCredit */,
				8573D3822B745144003A2C36 /* WordDefinition */,
			);
			path = Models;
			sourceTree = "<group>";
		};
		85D685382B73B57C00BBD7F3 /* UseCases */ = {
			isa = PBXGroup;
			children = (
				85D685472B73B83E00BBD7F3 /* GetWordDefinitionUseCase.swift */,
				85440F7A2B75D68900229D49 /* ResetUserCreditUseCase.swift */,
			);
			path = UseCases;
			sourceTree = "<group>";
		};
		85D685392B73B58100BBD7F3 /* Errors */ = {
			isa = PBXGroup;
			children = (
				85D685452B73B7CC00BBD7F3 /* GetWordDefinitionError.swift */,
			);
			path = Errors;
			sourceTree = "<group>";
		};
		85D685422B73B75D00BBD7F3 /* DTOs */ = {
			isa = PBXGroup;
			children = (
				85D685432B73B76D00BBD7F3 /* GetWordDefinitionsDTO.swift */,
			);
			path = DTOs;
			sourceTree = "<group>";
		};
		85D6854F2B73B88000BBD7F3 /* Data */ = {
			isa = PBXGroup;
			children = (
				85D6856E2B73B95800BBD7F3 /* Repositories */,
				85D6856D2B73B94F00BBD7F3 /* Clients */,
				85D685682B73B91500BBD7F3 /* ConcreteUseCases */,
				85D685502B73B88000BBD7F3 /* Data.h */,
			);
			path = Data;
			sourceTree = "<group>";
		};
		85D685592B73B88000BBD7F3 /* DataTests */ = {
			isa = PBXGroup;
			children = (
				85D6857A2B73BF0300BBD7F3 /* Mocks */,
				85D685772B73BC6200BBD7F3 /* ConcreteUseCases */,
			);
			path = DataTests;
			sourceTree = "<group>";
		};
		85D685682B73B91500BBD7F3 /* ConcreteUseCases */ = {
			isa = PBXGroup;
			children = (
				85D685692B73B93700BBD7F3 /* GetWordDefinitionsRemote.swift */,
				85440F7C2B75D6CA00229D49 /* ResetUserCreditLocal.swift */,
			);
			path = ConcreteUseCases;
			sourceTree = "<group>";
		};
		85D6856D2B73B94F00BBD7F3 /* Clients */ = {
			isa = PBXGroup;
			children = (
				8573D37A2B744F5A003A2C36 /* Http */,
			);
			path = Clients;
			sourceTree = "<group>";
		};
		85D6856E2B73B95800BBD7F3 /* Repositories */ = {
			isa = PBXGroup;
			children = (
				8573D37C2B74509A003A2C36 /* UseCreditRepository.swift */,
				8573D3012B740127003A2C36 /* CacheRepository.swift */,
			);
			path = Repositories;
			sourceTree = "<group>";
		};
		85D685772B73BC6200BBD7F3 /* ConcreteUseCases */ = {
			isa = PBXGroup;
			children = (
				85D685782B73BC8600BBD7F3 /* GetWordDefinitionsRemoteTests.swift */,
			);
			path = ConcreteUseCases;
			sourceTree = "<group>";
		};
		85D6857A2B73BF0300BBD7F3 /* Mocks */ = {
			isa = PBXGroup;
			children = (
				85D6857B2B73BF1400BBD7F3 /* HttpClientMock.swift */,
				85D6857D2B73BF3E00BBD7F3 /* ModelMocks.swift */,
				855F86262B75854A0038950F /* CacheRepositoryMock.swift */,
				855F86282B7585B90038950F /* UserCreditRepositoryMock.swift */,
			);
			path = Mocks;
			sourceTree = "<group>";
		};
		85D685852B73CDB700BBD7F3 /* Infrastructure */ = {
			isa = PBXGroup;
			children = (
				8573D3842B745363003A2C36 /* Repositories */,
				85D6859A2B73CDCB00BBD7F3 /* HttpClient */,
			);
			path = Infrastructure;
			sourceTree = "<group>";
		};
		85D6858F2B73CDB700BBD7F3 /* InfrastructureTests */ = {
			isa = PBXGroup;
			children = (
				85D685902B73CDB700BBD7F3 /* InfrastructureTests.swift */,
			);
			path = InfrastructureTests;
			sourceTree = "<group>";
		};
		85D6859A2B73CDCB00BBD7F3 /* HttpClient */ = {
			isa = PBXGroup;
			children = (
				8573D3092B74077E003A2C36 /* URLSessionHttpClient.swift */,
			);
			path = HttpClient;
			sourceTree = "<group>";
		};
		85EC02782B6DCF3A003B0206 = {
			isa = PBXGroup;
			children = (
				85EC02832B6DCF3A003B0206 /* DictionMaster */,
				85EC02942B6DCF3C003B0206 /* DictionMasterTests */,
				85EC029E2B6DCF3C003B0206 /* DictionMasterUITests */,
				85D685312B73B56100BBD7F3 /* Domain */,
				85D6854F2B73B88000BBD7F3 /* Data */,
				85D685592B73B88000BBD7F3 /* DataTests */,
				85D685852B73CDB700BBD7F3 /* Infrastructure */,
				85D6858F2B73CDB700BBD7F3 /* InfrastructureTests */,
				85EC02822B6DCF3A003B0206 /* Products */,
				8593CF5F2B6DE7DD00613B07 /* Frameworks */,
			);
			sourceTree = "<group>";
		};
		85EC02822B6DCF3A003B0206 /* Products */ = {
			isa = PBXGroup;
			children = (
				85EC02812B6DCF3A003B0206 /* DictionMaster.app */,
				85EC02912B6DCF3C003B0206 /* DictionMasterTests.xctest */,
				85EC029B2B6DCF3C003B0206 /* DictionMasterUITests.xctest */,
				85D685302B73B56100BBD7F3 /* Domain.framework */,
				85D6854E2B73B88000BBD7F3 /* Data.framework */,
				85D685552B73B88000BBD7F3 /* DataTests.xctest */,
				85D685842B73CDB700BBD7F3 /* Infrastructure.framework */,
				85D6858B2B73CDB700BBD7F3 /* InfrastructureTests.xctest */,
			);
			name = Products;
			sourceTree = "<group>";
		};
		85EC02832B6DCF3A003B0206 /* DictionMaster */ = {
			isa = PBXGroup;
			children = (
				855F86132B7526140038950F /* Main */,
				8503DB8F2B70B035005C91B9 /* Resources */,
				8503DB8B2B70ADAB005C91B9 /* Utils */,
				8503DB7A2B7092AA005C91B9 /* Presentation */,
				85EC028A2B6DCF3C003B0206 /* Preview Content */,
				8573D3232B740EB5003A2C36 /* Info.plist */,
			);
			path = DictionMaster;
			sourceTree = "<group>";
		};
		85EC028A2B6DCF3C003B0206 /* Preview Content */ = {
			isa = PBXGroup;
			children = (
				85EC028B2B6DCF3C003B0206 /* Preview Assets.xcassets */,
			);
			path = "Preview Content";
			sourceTree = "<group>";
		};
		85EC02942B6DCF3C003B0206 /* DictionMasterTests */ = {
			isa = PBXGroup;
			children = (
				85440F732B75ACAC00229D49 /* Search */,
				85440F722B75ACA600229D49 /* Result */,
				85440F712B75AC9F00229D49 /* Purchase */,
				85EC02952B6DCF3C003B0206 /* DictionMasterTests.swift */,
			);
			path = DictionMasterTests;
			sourceTree = "<group>";
		};
		85EC029E2B6DCF3C003B0206 /* DictionMasterUITests */ = {
			isa = PBXGroup;
			children = (
				85EC029F2B6DCF3C003B0206 /* DictionMasterUITests.swift */,
				85EC02A12B6DCF3C003B0206 /* DictionMasterUITestsLaunchTests.swift */,
			);
			path = DictionMasterUITests;
			sourceTree = "<group>";
		};
/* End PBXGroup section */

/* Begin PBXHeadersBuildPhase section */
		85D6852B2B73B56100BBD7F3 /* Headers */ = {
			isa = PBXHeadersBuildPhase;
			buildActionMask = 2147483647;
			files = (
				85D685332B73B56100BBD7F3 /* Domain.h in Headers */,
			);
			runOnlyForDeploymentPostprocessing = 0;
		};
		85D685492B73B88000BBD7F3 /* Headers */ = {
			isa = PBXHeadersBuildPhase;
			buildActionMask = 2147483647;
			files = (
				85D6855C2B73B88000BBD7F3 /* Data.h in Headers */,
			);
			runOnlyForDeploymentPostprocessing = 0;
		};
		85D6857F2B73CDB700BBD7F3 /* Headers */ = {
			isa = PBXHeadersBuildPhase;
			buildActionMask = 2147483647;
			files = (
			);
			runOnlyForDeploymentPostprocessing = 0;
		};
/* End PBXHeadersBuildPhase section */

/* Begin PBXNativeTarget section */
		85D6852F2B73B56100BBD7F3 /* Domain */ = {
			isa = PBXNativeTarget;
			buildConfigurationList = 85D685342B73B56100BBD7F3 /* Build configuration list for PBXNativeTarget "Domain" */;
			buildPhases = (
				85D6852B2B73B56100BBD7F3 /* Headers */,
				85D6852C2B73B56100BBD7F3 /* Sources */,
				85D6852D2B73B56100BBD7F3 /* Frameworks */,
				85D6852E2B73B56100BBD7F3 /* Resources */,
			);
			buildRules = (
			);
			dependencies = (
			);
			name = Domain;
			productName = Domain;
			productReference = 85D685302B73B56100BBD7F3 /* Domain.framework */;
			productType = "com.apple.product-type.framework";
		};
		85D6854D2B73B88000BBD7F3 /* Data */ = {
			isa = PBXNativeTarget;
			buildConfigurationList = 85D6855D2B73B88000BBD7F3 /* Build configuration list for PBXNativeTarget "Data" */;
			buildPhases = (
				85D685492B73B88000BBD7F3 /* Headers */,
				85D6854A2B73B88000BBD7F3 /* Sources */,
				85D6854B2B73B88000BBD7F3 /* Frameworks */,
				85D6854C2B73B88000BBD7F3 /* Resources */,
				85D685672B73B89000BBD7F3 /* Embed Frameworks */,
			);
			buildRules = (
			);
			dependencies = (
				85D685662B73B89000BBD7F3 /* PBXTargetDependency */,
			);
			name = Data;
			productName = Data;
			productReference = 85D6854E2B73B88000BBD7F3 /* Data.framework */;
			productType = "com.apple.product-type.framework";
		};
		85D685542B73B88000BBD7F3 /* DataTests */ = {
			isa = PBXNativeTarget;
			buildConfigurationList = 85D685602B73B88000BBD7F3 /* Build configuration list for PBXNativeTarget "DataTests" */;
			buildPhases = (
				85D685512B73B88000BBD7F3 /* Sources */,
				85D685522B73B88000BBD7F3 /* Frameworks */,
				85D685532B73B88000BBD7F3 /* Resources */,
			);
			buildRules = (
			);
			dependencies = (
				85D685582B73B88000BBD7F3 /* PBXTargetDependency */,
			);
			name = DataTests;
			productName = DataTests;
			productReference = 85D685552B73B88000BBD7F3 /* DataTests.xctest */;
			productType = "com.apple.product-type.bundle.unit-test";
		};
		85D685832B73CDB700BBD7F3 /* Infrastructure */ = {
			isa = PBXNativeTarget;
			buildConfigurationList = 85D685932B73CDB700BBD7F3 /* Build configuration list for PBXNativeTarget "Infrastructure" */;
			buildPhases = (
				85D6857F2B73CDB700BBD7F3 /* Headers */,
				85D685802B73CDB700BBD7F3 /* Sources */,
				85D685812B73CDB700BBD7F3 /* Frameworks */,
				85D685822B73CDB700BBD7F3 /* Resources */,
				8573D30F2B74079D003A2C36 /* Embed Frameworks */,
			);
			buildRules = (
			);
			dependencies = (
				8573D30E2B74079D003A2C36 /* PBXTargetDependency */,
			);
			name = Infrastructure;
			packageProductDependencies = (
			);
			productName = Infrastructure;
			productReference = 85D685842B73CDB700BBD7F3 /* Infrastructure.framework */;
			productType = "com.apple.product-type.framework";
		};
		85D6858A2B73CDB700BBD7F3 /* InfrastructureTests */ = {
			isa = PBXNativeTarget;
			buildConfigurationList = 85D685962B73CDB700BBD7F3 /* Build configuration list for PBXNativeTarget "InfrastructureTests" */;
			buildPhases = (
				85D685872B73CDB700BBD7F3 /* Sources */,
				85D685882B73CDB700BBD7F3 /* Frameworks */,
				85D685892B73CDB700BBD7F3 /* Resources */,
			);
			buildRules = (
			);
			dependencies = (
				85D6858E2B73CDB700BBD7F3 /* PBXTargetDependency */,
			);
			name = InfrastructureTests;
			productName = InfrastructureTests;
			productReference = 85D6858B2B73CDB700BBD7F3 /* InfrastructureTests.xctest */;
			productType = "com.apple.product-type.bundle.unit-test";
		};
		85EC02802B6DCF3A003B0206 /* DictionMaster */ = {
			isa = PBXNativeTarget;
			buildConfigurationList = 85EC02A52B6DCF3C003B0206 /* Build configuration list for PBXNativeTarget "DictionMaster" */;
			buildPhases = (
				85EC027D2B6DCF3A003B0206 /* Sources */,
				85EC027E2B6DCF3A003B0206 /* Frameworks */,
				85EC027F2B6DCF3A003B0206 /* Resources */,
				8593CF252B6DDE8300613B07 /* ShellScript */,
				8573D36B2B74130E003A2C36 /* Embed Frameworks */,
			);
			buildRules = (
			);
			dependencies = (
				8573D36A2B74130E003A2C36 /* PBXTargetDependency */,
				8573D36F2B741312003A2C36 /* PBXTargetDependency */,
				8573D3732B741315003A2C36 /* PBXTargetDependency */,
			);
			name = DictionMaster;
			productName = DictionMaster;
			productReference = 85EC02812B6DCF3A003B0206 /* DictionMaster.app */;
			productType = "com.apple.product-type.application";
		};
		85EC02902B6DCF3C003B0206 /* DictionMasterTests */ = {
			isa = PBXNativeTarget;
			buildConfigurationList = 85EC02A82B6DCF3C003B0206 /* Build configuration list for PBXNativeTarget "DictionMasterTests" */;
			buildPhases = (
				85EC028D2B6DCF3C003B0206 /* Sources */,
				85EC028E2B6DCF3C003B0206 /* Frameworks */,
				85EC028F2B6DCF3C003B0206 /* Resources */,
			);
			buildRules = (
			);
			dependencies = (
				85EC02932B6DCF3C003B0206 /* PBXTargetDependency */,
			);
			name = DictionMasterTests;
			productName = DictionMasterTests;
			productReference = 85EC02912B6DCF3C003B0206 /* DictionMasterTests.xctest */;
			productType = "com.apple.product-type.bundle.unit-test";
		};
		85EC029A2B6DCF3C003B0206 /* DictionMasterUITests */ = {
			isa = PBXNativeTarget;
			buildConfigurationList = 85EC02AB2B6DCF3C003B0206 /* Build configuration list for PBXNativeTarget "DictionMasterUITests" */;
			buildPhases = (
				85EC02972B6DCF3C003B0206 /* Sources */,
				85EC02982B6DCF3C003B0206 /* Frameworks */,
				85EC02992B6DCF3C003B0206 /* Resources */,
			);
			buildRules = (
			);
			dependencies = (
				85EC029D2B6DCF3C003B0206 /* PBXTargetDependency */,
			);
			name = DictionMasterUITests;
			productName = DictionMasterUITests;
			productReference = 85EC029B2B6DCF3C003B0206 /* DictionMasterUITests.xctest */;
			productType = "com.apple.product-type.bundle.ui-testing";
		};
/* End PBXNativeTarget section */

/* Begin PBXProject section */
		85EC02792B6DCF3A003B0206 /* Project object */ = {
			isa = PBXProject;
			attributes = {
				BuildIndependentTargetsInParallel = 1;
				LastSwiftUpdateCheck = 1520;
				LastUpgradeCheck = 1520;
				TargetAttributes = {
					85D6852F2B73B56100BBD7F3 = {
						CreatedOnToolsVersion = 15.2;
						LastSwiftMigration = 1520;
					};
					85D6854D2B73B88000BBD7F3 = {
						CreatedOnToolsVersion = 15.2;
						LastSwiftMigration = 1520;
					};
					85D685542B73B88000BBD7F3 = {
						CreatedOnToolsVersion = 15.2;
					};
					85D685832B73CDB700BBD7F3 = {
						CreatedOnToolsVersion = 15.2;
						LastSwiftMigration = 1520;
					};
					85D6858A2B73CDB700BBD7F3 = {
						CreatedOnToolsVersion = 15.2;
					};
					85EC02802B6DCF3A003B0206 = {
						CreatedOnToolsVersion = 15.2;
					};
					85EC02902B6DCF3C003B0206 = {
						CreatedOnToolsVersion = 15.2;
						TestTargetID = 85EC02802B6DCF3A003B0206;
					};
					85EC029A2B6DCF3C003B0206 = {
						CreatedOnToolsVersion = 15.2;
						TestTargetID = 85EC02802B6DCF3A003B0206;
					};
				};
			};
			buildConfigurationList = 85EC027C2B6DCF3A003B0206 /* Build configuration list for PBXProject "DictionMaster" */;
			compatibilityVersion = "Xcode 14.0";
			developmentRegion = en;
			hasScannedForEncodings = 0;
			knownRegions = (
				en,
				Base,
			);
			mainGroup = 85EC02782B6DCF3A003B0206;
			packageReferences = (
			);
			productRefGroup = 85EC02822B6DCF3A003B0206 /* Products */;
			projectDirPath = "";
			projectRoot = "";
			targets = (
				85EC02802B6DCF3A003B0206 /* DictionMaster */,
				85EC02902B6DCF3C003B0206 /* DictionMasterTests */,
				85EC029A2B6DCF3C003B0206 /* DictionMasterUITests */,
				85D6852F2B73B56100BBD7F3 /* Domain */,
				85D6854D2B73B88000BBD7F3 /* Data */,
				85D685542B73B88000BBD7F3 /* DataTests */,
				85D685832B73CDB700BBD7F3 /* Infrastructure */,
				85D6858A2B73CDB700BBD7F3 /* InfrastructureTests */,
			);
		};
/* End PBXProject section */

/* Begin PBXResourcesBuildPhase section */
		85D6852E2B73B56100BBD7F3 /* Resources */ = {
			isa = PBXResourcesBuildPhase;
			buildActionMask = 2147483647;
			files = (
			);
			runOnlyForDeploymentPostprocessing = 0;
		};
		85D6854C2B73B88000BBD7F3 /* Resources */ = {
			isa = PBXResourcesBuildPhase;
			buildActionMask = 2147483647;
			files = (
			);
			runOnlyForDeploymentPostprocessing = 0;
		};
		85D685532B73B88000BBD7F3 /* Resources */ = {
			isa = PBXResourcesBuildPhase;
			buildActionMask = 2147483647;
			files = (
			);
			runOnlyForDeploymentPostprocessing = 0;
		};
		85D685822B73CDB700BBD7F3 /* Resources */ = {
			isa = PBXResourcesBuildPhase;
			buildActionMask = 2147483647;
			files = (
			);
			runOnlyForDeploymentPostprocessing = 0;
		};
		85D685892B73CDB700BBD7F3 /* Resources */ = {
			isa = PBXResourcesBuildPhase;
			buildActionMask = 2147483647;
			files = (
			);
			runOnlyForDeploymentPostprocessing = 0;
		};
		85EC027F2B6DCF3A003B0206 /* Resources */ = {
			isa = PBXResourcesBuildPhase;
			buildActionMask = 2147483647;
			files = (
				855F86212B756E580038950F /* LaunchScreen.storyboard in Resources */,
				85EC028C2B6DCF3C003B0206 /* Preview Assets.xcassets in Resources */,
				85EC02892B6DCF3C003B0206 /* Assets.xcassets in Resources */,
			);
			runOnlyForDeploymentPostprocessing = 0;
		};
		85EC028F2B6DCF3C003B0206 /* Resources */ = {
			isa = PBXResourcesBuildPhase;
			buildActionMask = 2147483647;
			files = (
			);
			runOnlyForDeploymentPostprocessing = 0;
		};
		85EC02992B6DCF3C003B0206 /* Resources */ = {
			isa = PBXResourcesBuildPhase;
			buildActionMask = 2147483647;
			files = (
			);
			runOnlyForDeploymentPostprocessing = 0;
		};
/* End PBXResourcesBuildPhase section */

/* Begin PBXShellScriptBuildPhase section */
		8593CF252B6DDE8300613B07 /* ShellScript */ = {
			isa = PBXShellScriptBuildPhase;
			alwaysOutOfDate = 1;
			buildActionMask = 2147483647;
			files = (
			);
			inputFileListPaths = (
			);
			inputPaths = (
			);
			outputFileListPaths = (
			);
			outputPaths = (
			);
			runOnlyForDeploymentPostprocessing = 0;
			shellPath = /bin/sh;
			shellScript = "if [[ \"$(uname -m)\" == arm64 ]]; then\n   export PATH=\"/opt/homebrew/bin:$PATH\"\nfi\n\nif which swiftlint > /dev/null; then\n  swiftlint\nelse\n  echo \"warning: SwiftLint not installed, download from https://github.com/realm/SwiftLint\"\nfi\n";
		};
/* End PBXShellScriptBuildPhase section */

/* Begin PBXSourcesBuildPhase section */
		85D6852C2B73B56100BBD7F3 /* Sources */ = {
			isa = PBXSourcesBuildPhase;
			buildActionMask = 2147483647;
			files = (
				85D685462B73B7CC00BBD7F3 /* GetWordDefinitionError.swift in Sources */,
				85D685412B73B70100BBD7F3 /* Definition.swift in Sources */,
				85D6853B2B73B59900BBD7F3 /* WordDefinition.swift in Sources */,
				85D6853D2B73B6C700BBD7F3 /* Phonetic.swift in Sources */,
				855F86232B7574280038950F /* ResultWordDefinition.swift in Sources */,
				8573D38E2B745413003A2C36 /* UserCredit.swift in Sources */,
				85D685482B73B83E00BBD7F3 /* GetWordDefinitionUseCase.swift in Sources */,
				85440F7B2B75D68900229D49 /* ResetUserCreditUseCase.swift in Sources */,
				85D685442B73B76D00BBD7F3 /* GetWordDefinitionsDTO.swift in Sources */,
				85D6853F2B73B6E200BBD7F3 /* Meaning.swift in Sources */,
			);
			runOnlyForDeploymentPostprocessing = 0;
		};
		85D6854A2B73B88000BBD7F3 /* Sources */ = {
			isa = PBXSourcesBuildPhase;
			buildActionMask = 2147483647;
			files = (
				8573D37F2B74509A003A2C36 /* UseCreditRepository.swift in Sources */,
				85440F7D2B75D6CA00229D49 /* ResetUserCreditLocal.swift in Sources */,
				85D685742B73BB0A00BBD7F3 /* HttpClient.swift in Sources */,
				8573D3022B740127003A2C36 /* CacheRepository.swift in Sources */,
				85D6856A2B73B93700BBD7F3 /* GetWordDefinitionsRemote.swift in Sources */,
				85D685762B73BC3600BBD7F3 /* HttpError.swift in Sources */,
			);
			runOnlyForDeploymentPostprocessing = 0;
		};
		85D685512B73B88000BBD7F3 /* Sources */ = {
			isa = PBXSourcesBuildPhase;
			buildActionMask = 2147483647;
			files = (
				85D6857C2B73BF1400BBD7F3 /* HttpClientMock.swift in Sources */,
				85D6857E2B73BF3E00BBD7F3 /* ModelMocks.swift in Sources */,
				855F86292B7585B90038950F /* UserCreditRepositoryMock.swift in Sources */,
				855F86272B75854A0038950F /* CacheRepositoryMock.swift in Sources */,
				85D685792B73BC8600BBD7F3 /* GetWordDefinitionsRemoteTests.swift in Sources */,
			);
			runOnlyForDeploymentPostprocessing = 0;
		};
		85D685802B73CDB700BBD7F3 /* Sources */ = {
			isa = PBXSourcesBuildPhase;
			buildActionMask = 2147483647;
			files = (
				8573D3912B7455EE003A2C36 /* KeychainUserCreditRepository.swift in Sources */,
				8573D30A2B74077E003A2C36 /* URLSessionHttpClient.swift in Sources */,
				8573D3112B74091B003A2C36 /* NSCacheRepository.swift in Sources */,
			);
			runOnlyForDeploymentPostprocessing = 0;
		};
		85D685872B73CDB700BBD7F3 /* Sources */ = {
			isa = PBXSourcesBuildPhase;
			buildActionMask = 2147483647;
			files = (
				85D685912B73CDB700BBD7F3 /* InfrastructureTests.swift in Sources */,
			);
			runOnlyForDeploymentPostprocessing = 0;
		};
		85EC027D2B6DCF3A003B0206 /* Sources */ = {
			isa = PBXSourcesBuildPhase;
			buildActionMask = 2147483647;
			files = (
				85300B392B71A08B00471E09 /* SubscriptionBody.swift in Sources */,
				855F86252B7577400038950F /* ResultViewModel.swift in Sources */,
				8503DB922B70B053005C91B9 /* PrimaryButtonStyle.swift in Sources */,
				85C311BA2B930554001909B4 /* ScaleButtonStyle.swift in Sources */,
				85EC02872B6DCF3A003B0206 /* ContentView.swift in Sources */,
				85C311BC2B930567001909B4 /* PlayButton.swift in Sources */,
				85C311C22B942184001909B4 /* SubscriptionFooter.swift in Sources */,
				855F86162B753EEB0038950F /* AppFactory.swift in Sources */,
				8503DB8A2B709F76005C91B9 /* InputWord.swift in Sources */,
				855F861A2B7563620038950F /* View+.swift in Sources */,
				85300B372B718FE100471E09 /* SubscriptionHeader.swift in Sources */,
				8503DBA22B7124EA005C91B9 /* ResultHeaderView.swift in Sources */,
				8503DB832B70932D005C91B9 /* SearchViewModel.swift in Sources */,
				85440F792B75D60D00229D49 /* SubscriptionViewModel.swift in Sources */,
				8503DB8E2B70ADBD005C91B9 /* UIScreen+.swift in Sources */,
				8503DB862B709573005C91B9 /* FlagView.swift in Sources */,
				8503DB7F2B709304005C91B9 /* SearchView.swift in Sources */,
				85C311C02B9417D8001909B4 /* SubscriptionView.swift in Sources */,
				855F86182B75415E0038950F /* ResultBottomView.swift in Sources */,
				8574514E2B7F184E00517B66 /* SearchButton.swift in Sources */,
				853A25722B71502400B31AA9 /* WordDefinitionsList.swift in Sources */,
				8503DB9F2B7120CA005C91B9 /* ResultView.swift in Sources */,
				85EC02852B6DCF3A003B0206 /* DictionMasterApp.swift in Sources */,
			);
			runOnlyForDeploymentPostprocessing = 0;
		};
		85EC028D2B6DCF3C003B0206 /* Sources */ = {
			isa = PBXSourcesBuildPhase;
			buildActionMask = 2147483647;
			files = (
				85440F752B75ADD500229D49 /* SearchViewModelTests.swift in Sources */,
				85EC02962B6DCF3C003B0206 /* DictionMasterTests.swift in Sources */,
			);
			runOnlyForDeploymentPostprocessing = 0;
		};
		85EC02972B6DCF3C003B0206 /* Sources */ = {
			isa = PBXSourcesBuildPhase;
			buildActionMask = 2147483647;
			files = (
				85EC02A02B6DCF3C003B0206 /* DictionMasterUITests.swift in Sources */,
				85EC02A22B6DCF3C003B0206 /* DictionMasterUITestsLaunchTests.swift in Sources */,
			);
			runOnlyForDeploymentPostprocessing = 0;
		};
/* End PBXSourcesBuildPhase section */

/* Begin PBXTargetDependency section */
		8573D30E2B74079D003A2C36 /* PBXTargetDependency */ = {
			isa = PBXTargetDependency;
			target = 85D6854D2B73B88000BBD7F3 /* Data */;
			targetProxy = 8573D30D2B74079D003A2C36 /* PBXContainerItemProxy */;
		};
		8573D36A2B74130E003A2C36 /* PBXTargetDependency */ = {
			isa = PBXTargetDependency;
			target = 85D6852F2B73B56100BBD7F3 /* Domain */;
			targetProxy = 8573D3692B74130E003A2C36 /* PBXContainerItemProxy */;
		};
		8573D36F2B741312003A2C36 /* PBXTargetDependency */ = {
			isa = PBXTargetDependency;
			target = 85D6854D2B73B88000BBD7F3 /* Data */;
			targetProxy = 8573D36E2B741312003A2C36 /* PBXContainerItemProxy */;
		};
		8573D3732B741315003A2C36 /* PBXTargetDependency */ = {
			isa = PBXTargetDependency;
			target = 85D685832B73CDB700BBD7F3 /* Infrastructure */;
			targetProxy = 8573D3722B741315003A2C36 /* PBXContainerItemProxy */;
		};
		85D685582B73B88000BBD7F3 /* PBXTargetDependency */ = {
			isa = PBXTargetDependency;
			target = 85D6854D2B73B88000BBD7F3 /* Data */;
			targetProxy = 85D685572B73B88000BBD7F3 /* PBXContainerItemProxy */;
		};
		85D685662B73B89000BBD7F3 /* PBXTargetDependency */ = {
			isa = PBXTargetDependency;
			target = 85D6852F2B73B56100BBD7F3 /* Domain */;
			targetProxy = 85D685652B73B89000BBD7F3 /* PBXContainerItemProxy */;
		};
		85D6858E2B73CDB700BBD7F3 /* PBXTargetDependency */ = {
			isa = PBXTargetDependency;
			target = 85D685832B73CDB700BBD7F3 /* Infrastructure */;
			targetProxy = 85D6858D2B73CDB700BBD7F3 /* PBXContainerItemProxy */;
		};
		85EC02932B6DCF3C003B0206 /* PBXTargetDependency */ = {
			isa = PBXTargetDependency;
			target = 85EC02802B6DCF3A003B0206 /* DictionMaster */;
			targetProxy = 85EC02922B6DCF3C003B0206 /* PBXContainerItemProxy */;
		};
		85EC029D2B6DCF3C003B0206 /* PBXTargetDependency */ = {
			isa = PBXTargetDependency;
			target = 85EC02802B6DCF3A003B0206 /* DictionMaster */;
			targetProxy = 85EC029C2B6DCF3C003B0206 /* PBXContainerItemProxy */;
		};
/* End PBXTargetDependency section */

/* Begin XCBuildConfiguration section */
		85D685352B73B56100BBD7F3 /* Debug */ = {
			isa = XCBuildConfiguration;
			buildSettings = {
				CLANG_ENABLE_MODULES = YES;
				CODE_SIGN_STYLE = Automatic;
				COMBINE_HIDPI_IMAGES = YES;
				CURRENT_PROJECT_VERSION = 1;
				DEFINES_MODULE = YES;
				DEVELOPMENT_TEAM = F2MBMJ3PK6;
				DYLIB_COMPATIBILITY_VERSION = 1;
				DYLIB_CURRENT_VERSION = 1;
				DYLIB_INSTALL_NAME_BASE = "@rpath";
				ENABLE_MODULE_VERIFIER = YES;
				GENERATE_INFOPLIST_FILE = YES;
				INFOPLIST_KEY_NSHumanReadableCopyright = "";
				INSTALL_PATH = "$(LOCAL_LIBRARY_DIR)/Frameworks";
				LD_RUNPATH_SEARCH_PATHS = (
					"$(inherited)",
					"@executable_path/../Frameworks",
					"@loader_path/Frameworks",
				);
				MACOSX_DEPLOYMENT_TARGET = 14.2;
				MARKETING_VERSION = 1.0;
				MODULE_VERIFIER_SUPPORTED_LANGUAGES = "objective-c objective-c++";
				MODULE_VERIFIER_SUPPORTED_LANGUAGE_STANDARDS = "gnu17 gnu++20";
				PRODUCT_BUNDLE_IDENTIFIER = com.joanwilson.Domain;
				PRODUCT_NAME = "$(TARGET_NAME:c99extidentifier)";
				SDKROOT = macosx;
				SKIP_INSTALL = YES;
				SUPPORTED_PLATFORMS = "iphoneos iphonesimulator macosx";
				SUPPORTS_MACCATALYST = NO;
				SWIFT_EMIT_LOC_STRINGS = YES;
				SWIFT_OPTIMIZATION_LEVEL = "-Onone";
				SWIFT_VERSION = 5.0;
				TARGETED_DEVICE_FAMILY = 1;
				VERSIONING_SYSTEM = "apple-generic";
				VERSION_INFO_PREFIX = "";
			};
			name = Debug;
		};
		85D685362B73B56100BBD7F3 /* Release */ = {
			isa = XCBuildConfiguration;
			buildSettings = {
				CLANG_ENABLE_MODULES = YES;
				CODE_SIGN_STYLE = Automatic;
				COMBINE_HIDPI_IMAGES = YES;
				CURRENT_PROJECT_VERSION = 1;
				DEFINES_MODULE = YES;
				DEVELOPMENT_TEAM = F2MBMJ3PK6;
				DYLIB_COMPATIBILITY_VERSION = 1;
				DYLIB_CURRENT_VERSION = 1;
				DYLIB_INSTALL_NAME_BASE = "@rpath";
				ENABLE_MODULE_VERIFIER = YES;
				GENERATE_INFOPLIST_FILE = YES;
				INFOPLIST_KEY_NSHumanReadableCopyright = "";
				INSTALL_PATH = "$(LOCAL_LIBRARY_DIR)/Frameworks";
				LD_RUNPATH_SEARCH_PATHS = (
					"$(inherited)",
					"@executable_path/../Frameworks",
					"@loader_path/Frameworks",
				);
				MACOSX_DEPLOYMENT_TARGET = 14.2;
				MARKETING_VERSION = 1.0;
				MODULE_VERIFIER_SUPPORTED_LANGUAGES = "objective-c objective-c++";
				MODULE_VERIFIER_SUPPORTED_LANGUAGE_STANDARDS = "gnu17 gnu++20";
				PRODUCT_BUNDLE_IDENTIFIER = com.joanwilson.Domain;
				PRODUCT_NAME = "$(TARGET_NAME:c99extidentifier)";
				SDKROOT = macosx;
				SKIP_INSTALL = YES;
				SUPPORTED_PLATFORMS = "iphoneos iphonesimulator macosx";
				SUPPORTS_MACCATALYST = NO;
				SWIFT_EMIT_LOC_STRINGS = YES;
				SWIFT_VERSION = 5.0;
				TARGETED_DEVICE_FAMILY = 1;
				VERSIONING_SYSTEM = "apple-generic";
				VERSION_INFO_PREFIX = "";
			};
			name = Release;
		};
		85D6855E2B73B88000BBD7F3 /* Debug */ = {
			isa = XCBuildConfiguration;
			buildSettings = {
				CLANG_ENABLE_MODULES = YES;
				CODE_SIGN_STYLE = Automatic;
				COMBINE_HIDPI_IMAGES = YES;
				CURRENT_PROJECT_VERSION = 1;
				DEFINES_MODULE = YES;
				DEVELOPMENT_TEAM = F2MBMJ3PK6;
				DYLIB_COMPATIBILITY_VERSION = 1;
				DYLIB_CURRENT_VERSION = 1;
				DYLIB_INSTALL_NAME_BASE = "@rpath";
				ENABLE_MODULE_VERIFIER = YES;
				GENERATE_INFOPLIST_FILE = YES;
				INFOPLIST_KEY_NSHumanReadableCopyright = "";
				INSTALL_PATH = "$(LOCAL_LIBRARY_DIR)/Frameworks";
				LD_RUNPATH_SEARCH_PATHS = (
					"$(inherited)",
					"@executable_path/../Frameworks",
					"@loader_path/Frameworks",
				);
				MACOSX_DEPLOYMENT_TARGET = 14.2;
				MARKETING_VERSION = 1.0;
				MODULE_VERIFIER_SUPPORTED_LANGUAGES = "objective-c objective-c++";
				MODULE_VERIFIER_SUPPORTED_LANGUAGE_STANDARDS = "gnu17 gnu++20";
				PRODUCT_BUNDLE_IDENTIFIER = com.joanwilson.Data;
				PRODUCT_NAME = "$(TARGET_NAME:c99extidentifier)";
				SDKROOT = macosx;
				SKIP_INSTALL = YES;
				SUPPORTED_PLATFORMS = "iphoneos iphonesimulator macosx";
				SUPPORTS_MACCATALYST = NO;
				SWIFT_EMIT_LOC_STRINGS = YES;
				SWIFT_OPTIMIZATION_LEVEL = "-Onone";
				SWIFT_VERSION = 5.0;
				TARGETED_DEVICE_FAMILY = 1;
				VERSIONING_SYSTEM = "apple-generic";
				VERSION_INFO_PREFIX = "";
			};
			name = Debug;
		};
		85D6855F2B73B88000BBD7F3 /* Release */ = {
			isa = XCBuildConfiguration;
			buildSettings = {
				CLANG_ENABLE_MODULES = YES;
				CODE_SIGN_STYLE = Automatic;
				COMBINE_HIDPI_IMAGES = YES;
				CURRENT_PROJECT_VERSION = 1;
				DEFINES_MODULE = YES;
				DEVELOPMENT_TEAM = F2MBMJ3PK6;
				DYLIB_COMPATIBILITY_VERSION = 1;
				DYLIB_CURRENT_VERSION = 1;
				DYLIB_INSTALL_NAME_BASE = "@rpath";
				ENABLE_MODULE_VERIFIER = YES;
				GENERATE_INFOPLIST_FILE = YES;
				INFOPLIST_KEY_NSHumanReadableCopyright = "";
				INSTALL_PATH = "$(LOCAL_LIBRARY_DIR)/Frameworks";
				LD_RUNPATH_SEARCH_PATHS = (
					"$(inherited)",
					"@executable_path/../Frameworks",
					"@loader_path/Frameworks",
				);
				MACOSX_DEPLOYMENT_TARGET = 14.2;
				MARKETING_VERSION = 1.0;
				MODULE_VERIFIER_SUPPORTED_LANGUAGES = "objective-c objective-c++";
				MODULE_VERIFIER_SUPPORTED_LANGUAGE_STANDARDS = "gnu17 gnu++20";
				PRODUCT_BUNDLE_IDENTIFIER = com.joanwilson.Data;
				PRODUCT_NAME = "$(TARGET_NAME:c99extidentifier)";
				SDKROOT = macosx;
				SKIP_INSTALL = YES;
				SUPPORTED_PLATFORMS = "iphoneos iphonesimulator macosx";
				SUPPORTS_MACCATALYST = NO;
				SWIFT_EMIT_LOC_STRINGS = YES;
				SWIFT_VERSION = 5.0;
				TARGETED_DEVICE_FAMILY = 1;
				VERSIONING_SYSTEM = "apple-generic";
				VERSION_INFO_PREFIX = "";
			};
			name = Release;
		};
		85D685612B73B88000BBD7F3 /* Debug */ = {
			isa = XCBuildConfiguration;
			buildSettings = {
				ALWAYS_EMBED_SWIFT_STANDARD_LIBRARIES = YES;
				CODE_SIGN_STYLE = Automatic;
				CURRENT_PROJECT_VERSION = 1;
				DEVELOPMENT_TEAM = F2MBMJ3PK6;
				GENERATE_INFOPLIST_FILE = YES;
				MACOSX_DEPLOYMENT_TARGET = 14.2;
				MARKETING_VERSION = 1.0;
				PRODUCT_BUNDLE_IDENTIFIER = com.joanwilson.DataTests;
				PRODUCT_NAME = "$(TARGET_NAME)";
				SDKROOT = macosx;
				SWIFT_EMIT_LOC_STRINGS = NO;
				SWIFT_VERSION = 5.0;
			};
			name = Debug;
		};
		85D685622B73B88000BBD7F3 /* Release */ = {
			isa = XCBuildConfiguration;
			buildSettings = {
				ALWAYS_EMBED_SWIFT_STANDARD_LIBRARIES = YES;
				CODE_SIGN_STYLE = Automatic;
				CURRENT_PROJECT_VERSION = 1;
				DEVELOPMENT_TEAM = F2MBMJ3PK6;
				GENERATE_INFOPLIST_FILE = YES;
				MACOSX_DEPLOYMENT_TARGET = 14.2;
				MARKETING_VERSION = 1.0;
				PRODUCT_BUNDLE_IDENTIFIER = com.joanwilson.DataTests;
				PRODUCT_NAME = "$(TARGET_NAME)";
				SDKROOT = macosx;
				SWIFT_EMIT_LOC_STRINGS = NO;
				SWIFT_VERSION = 5.0;
			};
			name = Release;
		};
		85D685942B73CDB700BBD7F3 /* Debug */ = {
			isa = XCBuildConfiguration;
			buildSettings = {
				CLANG_ENABLE_MODULES = YES;
				CODE_SIGN_STYLE = Automatic;
				COMBINE_HIDPI_IMAGES = YES;
				CURRENT_PROJECT_VERSION = 1;
				DEFINES_MODULE = YES;
				DEVELOPMENT_TEAM = F2MBMJ3PK6;
				DYLIB_COMPATIBILITY_VERSION = 1;
				DYLIB_CURRENT_VERSION = 1;
				DYLIB_INSTALL_NAME_BASE = "@rpath";
				ENABLE_MODULE_VERIFIER = YES;
				GENERATE_INFOPLIST_FILE = YES;
				INFOPLIST_KEY_NSHumanReadableCopyright = "";
				INSTALL_PATH = "$(LOCAL_LIBRARY_DIR)/Frameworks";
				LD_RUNPATH_SEARCH_PATHS = (
					"$(inherited)",
					"@executable_path/../Frameworks",
					"@loader_path/Frameworks",
				);
				MACOSX_DEPLOYMENT_TARGET = 14.2;
				MARKETING_VERSION = 1.0;
				MODULE_VERIFIER_SUPPORTED_LANGUAGES = "objective-c objective-c++";
				MODULE_VERIFIER_SUPPORTED_LANGUAGE_STANDARDS = "gnu17 gnu++20";
				PRODUCT_BUNDLE_IDENTIFIER = com.joanwilson.Infrastructure;
				PRODUCT_NAME = "$(TARGET_NAME:c99extidentifier)";
				SDKROOT = macosx;
				SKIP_INSTALL = YES;
				SUPPORTED_PLATFORMS = "iphoneos iphonesimulator macosx";
				SUPPORTS_MACCATALYST = NO;
				SWIFT_EMIT_LOC_STRINGS = YES;
				SWIFT_OPTIMIZATION_LEVEL = "-Onone";
				SWIFT_VERSION = 5.0;
				TARGETED_DEVICE_FAMILY = 1;
				VERSIONING_SYSTEM = "apple-generic";
				VERSION_INFO_PREFIX = "";
			};
			name = Debug;
		};
		85D685952B73CDB700BBD7F3 /* Release */ = {
			isa = XCBuildConfiguration;
			buildSettings = {
				CLANG_ENABLE_MODULES = YES;
				CODE_SIGN_STYLE = Automatic;
				COMBINE_HIDPI_IMAGES = YES;
				CURRENT_PROJECT_VERSION = 1;
				DEFINES_MODULE = YES;
				DEVELOPMENT_TEAM = F2MBMJ3PK6;
				DYLIB_COMPATIBILITY_VERSION = 1;
				DYLIB_CURRENT_VERSION = 1;
				DYLIB_INSTALL_NAME_BASE = "@rpath";
				ENABLE_MODULE_VERIFIER = YES;
				GENERATE_INFOPLIST_FILE = YES;
				INFOPLIST_KEY_NSHumanReadableCopyright = "";
				INSTALL_PATH = "$(LOCAL_LIBRARY_DIR)/Frameworks";
				LD_RUNPATH_SEARCH_PATHS = (
					"$(inherited)",
					"@executable_path/../Frameworks",
					"@loader_path/Frameworks",
				);
				MACOSX_DEPLOYMENT_TARGET = 14.2;
				MARKETING_VERSION = 1.0;
				MODULE_VERIFIER_SUPPORTED_LANGUAGES = "objective-c objective-c++";
				MODULE_VERIFIER_SUPPORTED_LANGUAGE_STANDARDS = "gnu17 gnu++20";
				PRODUCT_BUNDLE_IDENTIFIER = com.joanwilson.Infrastructure;
				PRODUCT_NAME = "$(TARGET_NAME:c99extidentifier)";
				SDKROOT = macosx;
				SKIP_INSTALL = YES;
				SUPPORTED_PLATFORMS = "iphoneos iphonesimulator macosx";
				SUPPORTS_MACCATALYST = NO;
				SWIFT_EMIT_LOC_STRINGS = YES;
				SWIFT_VERSION = 5.0;
				TARGETED_DEVICE_FAMILY = 1;
				VERSIONING_SYSTEM = "apple-generic";
				VERSION_INFO_PREFIX = "";
			};
			name = Release;
		};
		85D685972B73CDB700BBD7F3 /* Debug */ = {
			isa = XCBuildConfiguration;
			buildSettings = {
				ALWAYS_EMBED_SWIFT_STANDARD_LIBRARIES = YES;
				CODE_SIGN_STYLE = Automatic;
				CURRENT_PROJECT_VERSION = 1;
				DEVELOPMENT_TEAM = F2MBMJ3PK6;
				GENERATE_INFOPLIST_FILE = YES;
				MACOSX_DEPLOYMENT_TARGET = 14.2;
				MARKETING_VERSION = 1.0;
				PRODUCT_BUNDLE_IDENTIFIER = com.joanwilson.InfrastructureTests;
				PRODUCT_NAME = "$(TARGET_NAME)";
				SDKROOT = macosx;
				SWIFT_EMIT_LOC_STRINGS = NO;
				SWIFT_VERSION = 5.0;
			};
			name = Debug;
		};
		85D685982B73CDB700BBD7F3 /* Release */ = {
			isa = XCBuildConfiguration;
			buildSettings = {
				ALWAYS_EMBED_SWIFT_STANDARD_LIBRARIES = YES;
				CODE_SIGN_STYLE = Automatic;
				CURRENT_PROJECT_VERSION = 1;
				DEVELOPMENT_TEAM = F2MBMJ3PK6;
				GENERATE_INFOPLIST_FILE = YES;
				MACOSX_DEPLOYMENT_TARGET = 14.2;
				MARKETING_VERSION = 1.0;
				PRODUCT_BUNDLE_IDENTIFIER = com.joanwilson.InfrastructureTests;
				PRODUCT_NAME = "$(TARGET_NAME)";
				SDKROOT = macosx;
				SWIFT_EMIT_LOC_STRINGS = NO;
				SWIFT_VERSION = 5.0;
			};
			name = Release;
		};
		85EC02A32B6DCF3C003B0206 /* Debug */ = {
			isa = XCBuildConfiguration;
			buildSettings = {
				ALWAYS_SEARCH_USER_PATHS = NO;
				ASSETCATALOG_COMPILER_GENERATE_SWIFT_ASSET_SYMBOL_EXTENSIONS = YES;
				CLANG_ANALYZER_NONNULL = YES;
				CLANG_ANALYZER_NUMBER_OBJECT_CONVERSION = YES_AGGRESSIVE;
				CLANG_CXX_LANGUAGE_STANDARD = "gnu++20";
				CLANG_ENABLE_MODULES = YES;
				CLANG_ENABLE_OBJC_ARC = YES;
				CLANG_ENABLE_OBJC_WEAK = YES;
				CLANG_WARN_BLOCK_CAPTURE_AUTORELEASING = YES;
				CLANG_WARN_BOOL_CONVERSION = YES;
				CLANG_WARN_COMMA = YES;
				CLANG_WARN_CONSTANT_CONVERSION = YES;
				CLANG_WARN_DEPRECATED_OBJC_IMPLEMENTATIONS = YES;
				CLANG_WARN_DIRECT_OBJC_ISA_USAGE = YES_ERROR;
				CLANG_WARN_DOCUMENTATION_COMMENTS = YES;
				CLANG_WARN_EMPTY_BODY = YES;
				CLANG_WARN_ENUM_CONVERSION = YES;
				CLANG_WARN_INFINITE_RECURSION = YES;
				CLANG_WARN_INT_CONVERSION = YES;
				CLANG_WARN_NON_LITERAL_NULL_CONVERSION = YES;
				CLANG_WARN_OBJC_IMPLICIT_RETAIN_SELF = YES;
				CLANG_WARN_OBJC_LITERAL_CONVERSION = YES;
				CLANG_WARN_OBJC_ROOT_CLASS = YES_ERROR;
				CLANG_WARN_QUOTED_INCLUDE_IN_FRAMEWORK_HEADER = YES;
				CLANG_WARN_RANGE_LOOP_ANALYSIS = YES;
				CLANG_WARN_STRICT_PROTOTYPES = YES;
				CLANG_WARN_SUSPICIOUS_MOVE = YES;
				CLANG_WARN_UNGUARDED_AVAILABILITY = YES_AGGRESSIVE;
				CLANG_WARN_UNREACHABLE_CODE = YES;
				CLANG_WARN__DUPLICATE_METHOD_MATCH = YES;
				COPY_PHASE_STRIP = NO;
				DEBUG_INFORMATION_FORMAT = dwarf;
				ENABLE_STRICT_OBJC_MSGSEND = YES;
				ENABLE_TESTABILITY = YES;
				ENABLE_USER_SCRIPT_SANDBOXING = YES;
				GCC_C_LANGUAGE_STANDARD = gnu17;
				GCC_DYNAMIC_NO_PIC = NO;
				GCC_NO_COMMON_BLOCKS = YES;
				GCC_OPTIMIZATION_LEVEL = 0;
				GCC_PREPROCESSOR_DEFINITIONS = (
					"DEBUG=1",
					"$(inherited)",
				);
				GCC_WARN_64_TO_32_BIT_CONVERSION = YES;
				GCC_WARN_ABOUT_RETURN_TYPE = YES_ERROR;
				GCC_WARN_UNDECLARED_SELECTOR = YES;
				GCC_WARN_UNINITIALIZED_AUTOS = YES_AGGRESSIVE;
				GCC_WARN_UNUSED_FUNCTION = YES;
				GCC_WARN_UNUSED_VARIABLE = YES;
				IPHONEOS_DEPLOYMENT_TARGET = 17.0;
				LOCALIZATION_PREFERS_STRING_CATALOGS = YES;
				MTL_ENABLE_DEBUG_INFO = INCLUDE_SOURCE;
				MTL_FAST_MATH = YES;
				ONLY_ACTIVE_ARCH = YES;
				SDKROOT = iphoneos;
				SWIFT_ACTIVE_COMPILATION_CONDITIONS = "DEBUG $(inherited)";
				SWIFT_OPTIMIZATION_LEVEL = "-Onone";
			};
			name = Debug;
		};
		85EC02A42B6DCF3C003B0206 /* Release */ = {
			isa = XCBuildConfiguration;
			buildSettings = {
				ALWAYS_SEARCH_USER_PATHS = NO;
				ASSETCATALOG_COMPILER_GENERATE_SWIFT_ASSET_SYMBOL_EXTENSIONS = YES;
				CLANG_ANALYZER_NONNULL = YES;
				CLANG_ANALYZER_NUMBER_OBJECT_CONVERSION = YES_AGGRESSIVE;
				CLANG_CXX_LANGUAGE_STANDARD = "gnu++20";
				CLANG_ENABLE_MODULES = YES;
				CLANG_ENABLE_OBJC_ARC = YES;
				CLANG_ENABLE_OBJC_WEAK = YES;
				CLANG_WARN_BLOCK_CAPTURE_AUTORELEASING = YES;
				CLANG_WARN_BOOL_CONVERSION = YES;
				CLANG_WARN_COMMA = YES;
				CLANG_WARN_CONSTANT_CONVERSION = YES;
				CLANG_WARN_DEPRECATED_OBJC_IMPLEMENTATIONS = YES;
				CLANG_WARN_DIRECT_OBJC_ISA_USAGE = YES_ERROR;
				CLANG_WARN_DOCUMENTATION_COMMENTS = YES;
				CLANG_WARN_EMPTY_BODY = YES;
				CLANG_WARN_ENUM_CONVERSION = YES;
				CLANG_WARN_INFINITE_RECURSION = YES;
				CLANG_WARN_INT_CONVERSION = YES;
				CLANG_WARN_NON_LITERAL_NULL_CONVERSION = YES;
				CLANG_WARN_OBJC_IMPLICIT_RETAIN_SELF = YES;
				CLANG_WARN_OBJC_LITERAL_CONVERSION = YES;
				CLANG_WARN_OBJC_ROOT_CLASS = YES_ERROR;
				CLANG_WARN_QUOTED_INCLUDE_IN_FRAMEWORK_HEADER = YES;
				CLANG_WARN_RANGE_LOOP_ANALYSIS = YES;
				CLANG_WARN_STRICT_PROTOTYPES = YES;
				CLANG_WARN_SUSPICIOUS_MOVE = YES;
				CLANG_WARN_UNGUARDED_AVAILABILITY = YES_AGGRESSIVE;
				CLANG_WARN_UNREACHABLE_CODE = YES;
				CLANG_WARN__DUPLICATE_METHOD_MATCH = YES;
				CODE_SIGN_INJECT_BASE_ENTITLEMENTS = NO;
				COPY_PHASE_STRIP = NO;
				DEBUG_INFORMATION_FORMAT = "dwarf-with-dsym";
				DEPLOYMENT_POSTPROCESSING = YES;
				ENABLE_NS_ASSERTIONS = NO;
				ENABLE_STRICT_OBJC_MSGSEND = YES;
				ENABLE_USER_SCRIPT_SANDBOXING = YES;
				GCC_C_LANGUAGE_STANDARD = gnu17;
				GCC_NO_COMMON_BLOCKS = YES;
				GCC_WARN_64_TO_32_BIT_CONVERSION = YES;
				GCC_WARN_ABOUT_RETURN_TYPE = YES_ERROR;
				GCC_WARN_UNDECLARED_SELECTOR = YES;
				GCC_WARN_UNINITIALIZED_AUTOS = YES_AGGRESSIVE;
				GCC_WARN_UNUSED_FUNCTION = YES;
				GCC_WARN_UNUSED_VARIABLE = YES;
				IPHONEOS_DEPLOYMENT_TARGET = 17.0;
				LOCALIZATION_PREFERS_STRING_CATALOGS = YES;
				MTL_ENABLE_DEBUG_INFO = NO;
				MTL_FAST_MATH = YES;
				SDKROOT = iphoneos;
				SWIFT_COMPILATION_MODE = wholemodule;
				VALIDATE_PRODUCT = YES;
			};
			name = Release;
		};
		85EC02A62B6DCF3C003B0206 /* Debug */ = {
			isa = XCBuildConfiguration;
			buildSettings = {
				ASSETCATALOG_COMPILER_APPICON_NAME = AppIcon;
				ASSETCATALOG_COMPILER_GLOBAL_ACCENT_COLOR_NAME = AccentColor;
				BUILD_LIBRARY_FOR_DISTRIBUTION = NO;
				CODE_SIGN_STYLE = Automatic;
				CURRENT_PROJECT_VERSION = 1;
				DEVELOPMENT_ASSET_PATHS = "\"DictionMaster/Preview Content\"";
				DEVELOPMENT_TEAM = F2MBMJ3PK6;
				ENABLE_PREVIEWS = YES;
				ENABLE_USER_SCRIPT_SANDBOXING = NO;
				FRAMEWORK_SEARCH_PATHS = "$(PROJECT_DIR)/**";
				GENERATE_INFOPLIST_FILE = YES;
				INFOPLIST_FILE = DictionMaster/Info.plist;
				INFOPLIST_KEY_UIApplicationSceneManifest_Generation = YES;
				INFOPLIST_KEY_UIApplicationSupportsIndirectInputEvents = YES;
				INFOPLIST_KEY_UILaunchScreen_Generation = YES;
				INFOPLIST_KEY_UILaunchStoryboardName = LaunchScreen.storyboard;
				INFOPLIST_KEY_UIRequiresFullScreen = YES;
				INFOPLIST_KEY_UISupportedInterfaceOrientations = "UIInterfaceOrientationPortrait UIInterfaceOrientationPortraitUpsideDown";
				LD_RUNPATH_SEARCH_PATHS = (
					"$(inherited)",
					"@executable_path/Frameworks",
				);
				MARKETING_VERSION = 1.0;
				ONLY_ACTIVE_ARCH = YES;
				PRODUCT_BUNDLE_IDENTIFIER = com.joanwilson.DictionMaster;
				PRODUCT_NAME = "$(TARGET_NAME)";
				REEXPORTED_FRAMEWORK_NAMES = "";
				SWIFT_EMIT_LOC_STRINGS = YES;
				SWIFT_VERSION = 5.0;
				SYSTEM_FRAMEWORK_SEARCH_PATHS = "$(PROJECT_DIR)/**";
				TARGETED_DEVICE_FAMILY = "1,2";
			};
			name = Debug;
		};
		85EC02A72B6DCF3C003B0206 /* Release */ = {
			isa = XCBuildConfiguration;
			buildSettings = {
				ASSETCATALOG_COMPILER_APPICON_NAME = AppIcon;
				ASSETCATALOG_COMPILER_GLOBAL_ACCENT_COLOR_NAME = AccentColor;
				BUILD_LIBRARY_FOR_DISTRIBUTION = NO;
				CODE_SIGN_STYLE = Automatic;
				CURRENT_PROJECT_VERSION = 1;
				DEVELOPMENT_ASSET_PATHS = "\"DictionMaster/Preview Content\"";
				DEVELOPMENT_TEAM = F2MBMJ3PK6;
				ENABLE_PREVIEWS = YES;
				ENABLE_USER_SCRIPT_SANDBOXING = NO;
				FRAMEWORK_SEARCH_PATHS = "$(PROJECT_DIR)/**";
				GENERATE_INFOPLIST_FILE = YES;
				INFOPLIST_FILE = DictionMaster/Info.plist;
				INFOPLIST_KEY_UIApplicationSceneManifest_Generation = YES;
				INFOPLIST_KEY_UIApplicationSupportsIndirectInputEvents = YES;
				INFOPLIST_KEY_UILaunchScreen_Generation = YES;
				INFOPLIST_KEY_UILaunchStoryboardName = LaunchScreen.storyboard;
				INFOPLIST_KEY_UIRequiresFullScreen = YES;
				INFOPLIST_KEY_UISupportedInterfaceOrientations = "UIInterfaceOrientationPortrait UIInterfaceOrientationPortraitUpsideDown";
				LD_RUNPATH_SEARCH_PATHS = (
					"$(inherited)",
					"@executable_path/Frameworks",
				);
				MARKETING_VERSION = 1.0;
				PRODUCT_BUNDLE_IDENTIFIER = com.joanwilson.DictionMaster;
				PRODUCT_NAME = "$(TARGET_NAME)";
				REEXPORTED_FRAMEWORK_NAMES = "";
				SWIFT_EMIT_LOC_STRINGS = YES;
				SWIFT_VERSION = 5.0;
				SYSTEM_FRAMEWORK_SEARCH_PATHS = "$(PROJECT_DIR)/**";
				TARGETED_DEVICE_FAMILY = "1,2";
			};
			name = Release;
		};
		85EC02A92B6DCF3C003B0206 /* Debug */ = {
			isa = XCBuildConfiguration;
			buildSettings = {
				ALWAYS_EMBED_SWIFT_STANDARD_LIBRARIES = YES;
				BUNDLE_LOADER = "$(TEST_HOST)";
				CODE_SIGN_STYLE = Automatic;
				CURRENT_PROJECT_VERSION = 1;
				DEVELOPMENT_TEAM = F2MBMJ3PK6;
				GENERATE_INFOPLIST_FILE = YES;
				IPHONEOS_DEPLOYMENT_TARGET = 17.2;
				MARKETING_VERSION = 1.0;
				PRODUCT_BUNDLE_IDENTIFIER = com.joanwilson.DictionMasterTests;
				PRODUCT_NAME = "$(TARGET_NAME)";
				SWIFT_EMIT_LOC_STRINGS = NO;
				SWIFT_VERSION = 5.0;
				TARGETED_DEVICE_FAMILY = "1,2";
				TEST_HOST = "$(BUILT_PRODUCTS_DIR)/DictionMaster.app/$(BUNDLE_EXECUTABLE_FOLDER_PATH)/DictionMaster";
			};
			name = Debug;
		};
		85EC02AA2B6DCF3C003B0206 /* Release */ = {
			isa = XCBuildConfiguration;
			buildSettings = {
				ALWAYS_EMBED_SWIFT_STANDARD_LIBRARIES = YES;
				BUNDLE_LOADER = "$(TEST_HOST)";
				CODE_SIGN_STYLE = Automatic;
				CURRENT_PROJECT_VERSION = 1;
				DEVELOPMENT_TEAM = F2MBMJ3PK6;
				GENERATE_INFOPLIST_FILE = YES;
				IPHONEOS_DEPLOYMENT_TARGET = 17.2;
				MARKETING_VERSION = 1.0;
				PRODUCT_BUNDLE_IDENTIFIER = com.joanwilson.DictionMasterTests;
				PRODUCT_NAME = "$(TARGET_NAME)";
				SWIFT_EMIT_LOC_STRINGS = NO;
				SWIFT_VERSION = 5.0;
				TARGETED_DEVICE_FAMILY = "1,2";
				TEST_HOST = "$(BUILT_PRODUCTS_DIR)/DictionMaster.app/$(BUNDLE_EXECUTABLE_FOLDER_PATH)/DictionMaster";
			};
			name = Release;
		};
		85EC02AC2B6DCF3C003B0206 /* Debug */ = {
			isa = XCBuildConfiguration;
			buildSettings = {
				ALWAYS_EMBED_SWIFT_STANDARD_LIBRARIES = YES;
				CODE_SIGN_STYLE = Automatic;
				CURRENT_PROJECT_VERSION = 1;
				DEVELOPMENT_TEAM = F2MBMJ3PK6;
				GENERATE_INFOPLIST_FILE = YES;
				MARKETING_VERSION = 1.0;
				PRODUCT_BUNDLE_IDENTIFIER = com.joanwilson.DictionMasterUITests;
				PRODUCT_NAME = "$(TARGET_NAME)";
				SWIFT_EMIT_LOC_STRINGS = NO;
				SWIFT_VERSION = 5.0;
				TARGETED_DEVICE_FAMILY = "1,2";
				TEST_TARGET_NAME = DictionMaster;
			};
			name = Debug;
		};
		85EC02AD2B6DCF3C003B0206 /* Release */ = {
			isa = XCBuildConfiguration;
			buildSettings = {
				ALWAYS_EMBED_SWIFT_STANDARD_LIBRARIES = YES;
				CODE_SIGN_STYLE = Automatic;
				CURRENT_PROJECT_VERSION = 1;
				DEVELOPMENT_TEAM = F2MBMJ3PK6;
				GENERATE_INFOPLIST_FILE = YES;
				MARKETING_VERSION = 1.0;
				PRODUCT_BUNDLE_IDENTIFIER = com.joanwilson.DictionMasterUITests;
				PRODUCT_NAME = "$(TARGET_NAME)";
				SWIFT_EMIT_LOC_STRINGS = NO;
				SWIFT_VERSION = 5.0;
				TARGETED_DEVICE_FAMILY = "1,2";
				TEST_TARGET_NAME = DictionMaster;
			};
			name = Release;
		};
/* End XCBuildConfiguration section */

/* Begin XCConfigurationList section */
		85D685342B73B56100BBD7F3 /* Build configuration list for PBXNativeTarget "Domain" */ = {
			isa = XCConfigurationList;
			buildConfigurations = (
				85D685352B73B56100BBD7F3 /* Debug */,
				85D685362B73B56100BBD7F3 /* Release */,
			);
			defaultConfigurationIsVisible = 0;
			defaultConfigurationName = Release;
		};
		85D6855D2B73B88000BBD7F3 /* Build configuration list for PBXNativeTarget "Data" */ = {
			isa = XCConfigurationList;
			buildConfigurations = (
				85D6855E2B73B88000BBD7F3 /* Debug */,
				85D6855F2B73B88000BBD7F3 /* Release */,
			);
			defaultConfigurationIsVisible = 0;
			defaultConfigurationName = Release;
		};
		85D685602B73B88000BBD7F3 /* Build configuration list for PBXNativeTarget "DataTests" */ = {
			isa = XCConfigurationList;
			buildConfigurations = (
				85D685612B73B88000BBD7F3 /* Debug */,
				85D685622B73B88000BBD7F3 /* Release */,
			);
			defaultConfigurationIsVisible = 0;
			defaultConfigurationName = Release;
		};
		85D685932B73CDB700BBD7F3 /* Build configuration list for PBXNativeTarget "Infrastructure" */ = {
			isa = XCConfigurationList;
			buildConfigurations = (
				85D685942B73CDB700BBD7F3 /* Debug */,
				85D685952B73CDB700BBD7F3 /* Release */,
			);
			defaultConfigurationIsVisible = 0;
			defaultConfigurationName = Release;
		};
		85D685962B73CDB700BBD7F3 /* Build configuration list for PBXNativeTarget "InfrastructureTests" */ = {
			isa = XCConfigurationList;
			buildConfigurations = (
				85D685972B73CDB700BBD7F3 /* Debug */,
				85D685982B73CDB700BBD7F3 /* Release */,
			);
			defaultConfigurationIsVisible = 0;
			defaultConfigurationName = Release;
		};
		85EC027C2B6DCF3A003B0206 /* Build configuration list for PBXProject "DictionMaster" */ = {
			isa = XCConfigurationList;
			buildConfigurations = (
				85EC02A32B6DCF3C003B0206 /* Debug */,
				85EC02A42B6DCF3C003B0206 /* Release */,
			);
			defaultConfigurationIsVisible = 0;
			defaultConfigurationName = Release;
		};
		85EC02A52B6DCF3C003B0206 /* Build configuration list for PBXNativeTarget "DictionMaster" */ = {
			isa = XCConfigurationList;
			buildConfigurations = (
				85EC02A62B6DCF3C003B0206 /* Debug */,
				85EC02A72B6DCF3C003B0206 /* Release */,
			);
			defaultConfigurationIsVisible = 0;
			defaultConfigurationName = Release;
		};
		85EC02A82B6DCF3C003B0206 /* Build configuration list for PBXNativeTarget "DictionMasterTests" */ = {
			isa = XCConfigurationList;
			buildConfigurations = (
				85EC02A92B6DCF3C003B0206 /* Debug */,
				85EC02AA2B6DCF3C003B0206 /* Release */,
			);
			defaultConfigurationIsVisible = 0;
			defaultConfigurationName = Release;
		};
		85EC02AB2B6DCF3C003B0206 /* Build configuration list for PBXNativeTarget "DictionMasterUITests" */ = {
			isa = XCConfigurationList;
			buildConfigurations = (
				85EC02AC2B6DCF3C003B0206 /* Debug */,
				85EC02AD2B6DCF3C003B0206 /* Release */,
			);
			defaultConfigurationIsVisible = 0;
			defaultConfigurationName = Release;
		};
/* End XCConfigurationList section */
	};
	rootObject = 85EC02792B6DCF3A003B0206 /* Project object */;
}
